Microsoft Visual Studio Solution File, Format Version 9.00
# Visual Studio 2005
Project("{8BC9CEB8-8B4A-11D0-8D11-00A0C91BC942}") = "Agesa_B1_Target", "..\..\Legacy\Proc\Agesa_B1_Target.vcproj", "{ECF17987-2834-4BA4-B910-74EF07C19C0C}"
	ProjectSection(ProjectDependencies) = postProject
		{321389F2-D8C9-4C9F-B22B-33A8D23B495B} = {321389F2-D8C9-4C9F-B22B-33A8D23B495B}
		{F1B6DE43-4D72-4368-90E9-CB10F8FFEE21} = {F1B6DE43-4D72-4368-90E9-CB10F8FFEE21}
		{48C5EC54-3891-4449-BBB0-80902E403C8F} = {48C5EC54-3891-4449-BBB0-80902E403C8F}
		{44973602-D8C0-4CCF-BBD5-153369F10DDB} = {44973602-D8C0-4CCF-BBD5-153369F10DDB}
		{3DE96E82-A401-4E5C-94CB-5ED2CEC3D517} = {3DE96E82-A401-4E5C-94CB-5ED2CEC3D517}
		{EC466D3C-B478-46CE-8AFF-25D28E2690F3} = {EC466D3C-B478-46CE-8AFF-25D28E2690F3}
		{168FD994-550A-4B6B-9E6B-2BC83848FE20} = {168FD994-550A-4B6B-9E6B-2BC83848FE20}
		{829EA9A3-DF26-4B90-BE7E-96AB9F60D802} = {829EA9A3-DF26-4B90-BE7E-96AB9F60D802}
		{7BE194F4-3BD2-4047-B74C-130D753A188C} = {7BE194F4-3BD2-4047-B74C-130D753A188C}
		{1AB9075A-1CA0-4006-8A87-61548C06D978} = {1AB9075A-1CA0-4006-8A87-61548C06D978}
		{5BD1A26B-B151-42D3-9291-0792570850FB} = {5BD1A26B-B151-42D3-9291-0792570850FB}
		{580FA046-115E-4800-B83F-1B05E670369F} = {580FA046-115E-4800-B83F-1B05E670369F}
		{E16864E0-1C04-4B2E-B8FE-D8237915C6E5} = {E16864E0-1C04-4B2E-B8FE-D8237915C6E5}
		{00BDC586-DCFD-4673-806F-770FB4B02296} = {00BDC586-DCFD-4673-806F-770FB4B02296}
		{72F3A3CC-280F-4B93-871E-652FBEE5E469} = {72F3A3CC-280F-4B93-871E-652FBEE5E469}
		{AC9E7F42-4F8E-4922-915A-5893389C6FFF} = {AC9E7F42-4F8E-4922-915A-5893389C6FFF}
		{D551C42E-DD91-4FF3-BE0F-1AD0E2891EC9} = {D551C42E-DD91-4FF3-BE0F-1AD0E2891EC9}
		{FE19C9E2-9CB5-4967-AAA8-2B97E7A0AC7F} = {FE19C9E2-9CB5-4967-AAA8-2B97E7A0AC7F}
		{5688F64F-E2D8-4FD2-B6CB-0E54EAE9BC82} = {5688F64F-E2D8-4FD2-B6CB-0E54EAE9BC82}
		{41203224-B8FC-4DD6-83CA-849A620DFA86} = {41203224-B8FC-4DD6-83CA-849A620DFA86}
		{9C26249B-7641-4F7E-B45D-2A533A214595} = {9C26249B-7641-4F7E-B45D-2A533A214595}
		{8F23BB21-7D5C-487D-BB25-97868AACCE53} = {8F23BB21-7D5C-487D-BB25-97868AACCE53}
		{4D035920-0A1B-463A-A785-C5D2A0A20BAC} = {4D035920-0A1B-463A-A785-C5D2A0A20BAC}
		{B0C371A9-A1DD-4C47-AE27-72A5D4486839} = {B0C371A9-A1DD-4C47-AE27-72A5D4486839}
		{A477E88E-9E0A-4351-BE7B-7F0B2EA8108C} = {A477E88E-9E0A-4351-BE7B-7F0B2EA8108C}
		{70842FF0-9D4E-4188-A7A3-69F1E5B253AE} = {70842FF0-9D4E-4188-A7A3-69F1E5B253AE}
		{CE2094F3-A6FB-40FC-9D77-EBB3A4B088BA} = {CE2094F3-A6FB-40FC-9D77-EBB3A4B088BA}
		{BAF27821-6010-4D01-B37B-F4D612919819} = {BAF27821-6010-4D01-B37B-F4D612919819}
		{580FF810-CD14-4D27-AABA-5BAB1371B03A} = {580FF810-CD14-4D27-AABA-5BAB1371B03A}
		{68C5C79D-6299-4BA7-8AD1-9D1B46AC20AB} = {68C5C79D-6299-4BA7-8AD1-9D1B46AC20AB}
		{F1A7741B-9F16-4956-9D9F-D184DBCAFFE5} = {F1A7741B-9F16-4956-9D9F-D184DBCAFFE5}
		{A8E349B7-CEED-4986-B8F1-A28E2B6DF466} = {A8E349B7-CEED-4986-B8F1-A28E2B6DF466}
		{319E0438-A27B-4706-80EA-B0366F08DBB9} = {319E0438-A27B-4706-80EA-B0366F08DBB9}
		{9D08A1AB-0A1F-4D0B-B287-5641E20870CA} = {9D08A1AB-0A1F-4D0B-B287-5641E20870CA}
		{70498F07-62CA-4D3B-BC14-77645B2AD892} = {70498F07-62CA-4D3B-BC14-77645B2AD892}
		{AD71E41D-E27A-4B2A-852B-3258BCA7476C} = {AD71E41D-E27A-4B2A-852B-3258BCA7476C}
		{18E34D26-6DE6-4399-B150-DDB3F0B938B6} = {18E34D26-6DE6-4399-B150-DDB3F0B938B6}
		{96B602B1-2D40-4799-BB81-13CDADCD5A16} = {96B602B1-2D40-4799-BB81-13CDADCD5A16}
		{955F630C-E492-42E0-9B44-57731164AAB5} = {955F630C-E492-42E0-9B44-57731164AAB5}
		{10544995-C584-4C4A-A2D3-B05C03EE003C} = {10544995-C584-4C4A-A2D3-B05C03EE003C}
		{92C55F81-A2F5-4013-95AE-158A004E06F4} = {92C55F81-A2F5-4013-95AE-158A004E06F4}
		{C229EBF3-6BC4-4329-8DF2-93682BA9F6A2} = {C229EBF3-6BC4-4329-8DF2-93682BA9F6A2}
		{E4F57EF9-3D4F-4EC0-99D0-CD84268BEC0C} = {E4F57EF9-3D4F-4EC0-99D0-CD84268BEC0C}
		{78F461DF-DA4E-4001-8C9A-AF22E03E4AD3} = {78F461DF-DA4E-4001-8C9A-AF22E03E4AD3}
		{3FE4FB7D-AE24-43D3-8610-4CE48995CC52} = {3FE4FB7D-AE24-43D3-8610-4CE48995CC52}
		{3145496C-7918-47D8-B3EA-80CA638AD5E8} = {3145496C-7918-47D8-B3EA-80CA638AD5E8}
		{3B3F2DDF-1EFD-4C4A-B309-39F53B7E2211} = {3B3F2DDF-1EFD-4C4A-B309-39F53B7E2211}
		{2B9DDE11-76F9-4773-A3CC-111FF748BAF5} = {2B9DDE11-76F9-4773-A3CC-111FF748BAF5}
		{2B6736E2-1EAF-4969-A0B3-43FBD8C80184} = {2B6736E2-1EAF-4969-A0B3-43FBD8C80184}
		{A3992395-4B8A-4DF4-9EB1-FF18D79E5615} = {A3992395-4B8A-4DF4-9EB1-FF18D79E5615}
		{1E93389A-32D8-483A-BDDE-A7FC15C5DE0E} = {1E93389A-32D8-483A-BDDE-A7FC15C5DE0E}
		{C3EE2D73-2677-4706-835D-9EF45BC50D38} = {C3EE2D73-2677-4706-835D-9EF45BC50D38}
		{30638E07-A94B-4BD2-9416-69ABF2782409} = {30638E07-A94B-4BD2-9416-69ABF2782409}
		{87F3B0C3-5AFE-4F26-B886-215D89F49044} = {87F3B0C3-5AFE-4F26-B886-215D89F49044}
		{9426987E-B179-406F-8650-51A98D808763} = {9426987E-B179-406F-8650-51A98D808763}
		{4E8C05E3-784A-4E19-BA76-9FE43E02EAD0} = {4E8C05E3-784A-4E19-BA76-9FE43E02EAD0}
		{C05992F2-5493-418C-9D5D-188F848F6341} = {C05992F2-5493-418C-9D5D-188F848F6341}
		{CFA71AB5-3A22-4A69-9CAB-01AF7C3036AC} = {CFA71AB5-3A22-4A69-9CAB-01AF7C3036AC}
		{61F21B31-DECD-49DD-B23F-8F15FF0897CC} = {61F21B31-DECD-49DD-B23F-8F15FF0897CC}
		{98A64F9D-5769-480C-A930-92CA8C740B13} = {98A64F9D-5769-480C-A930-92CA8C740B13}
		{8A7BA389-DB06-46E8-956D-C32A501EF1CD} = {8A7BA389-DB06-46E8-956D-C32A501EF1CD}
		{17B41869-02F5-40E8-A334-3D214C2C7B72} = {17B41869-02F5-40E8-A334-3D214C2C7B72}
		{93B5DDDD-5C58-4D2B-9C71-22525A8F6C9B} = {93B5DDDD-5C58-4D2B-9C71-22525A8F6C9B}
		{5A5DAD20-9E43-4FF6-A6F4-33E521E5C695} = {5A5DAD20-9E43-4FF6-A6F4-33E521E5C695}
		{C7C6F7F5-69A9-4CE6-903C-52B2F88ABD1A} = {C7C6F7F5-69A9-4CE6-903C-52B2F88ABD1A}
		{D2E7D590-6A52-4192-9DD4-846A3F1690A5} = {D2E7D590-6A52-4192-9DD4-846A3F1690A5}
		{ADF3E519-7170-41BA-8C08-E3674C8CB5E7} = {ADF3E519-7170-41BA-8C08-E3674C8CB5E7}
		{CE5CDE95-F32F-4568-A9AD-AC3BE6F7FBBD} = {CE5CDE95-F32F-4568-A9AD-AC3BE6F7FBBD}
		{BF2AD316-9B0E-4475-8F06-14CA602521A8} = {BF2AD316-9B0E-4475-8F06-14CA602521A8}
		{6E297A11-AFAD-4FF7-9912-E73D494C772D} = {6E297A11-AFAD-4FF7-9912-E73D494C772D}
		{094795CB-31AA-42CE-B11C-35D39106DCD2} = {094795CB-31AA-42CE-B11C-35D39106DCD2}
		{7E69175B-BE27-4C13-A34F-36791BAE81BB} = {7E69175B-BE27-4C13-A34F-36791BAE81BB}
		{54AA28A8-E874-41CC-9B98-85272147B7C5} = {54AA28A8-E874-41CC-9B98-85272147B7C5}
		{CDC460B8-48BC-4093-BE4C-6803DF752AC9} = {CDC460B8-48BC-4093-BE4C-6803DF752AC9}
		{DB83BF66-1A89-45C4-A6AB-01F178807900} = {DB83BF66-1A89-45C4-A6AB-01F178807900}
		{A567E331-0C3A-4B90-AF39-C94101417808} = {A567E331-0C3A-4B90-AF39-C94101417808}
		{F2E8FD2C-C733-46DD-8031-3B18EE5ADF67} = {F2E8FD2C-C733-46DD-8031-3B18EE5ADF67}
		{4986B7E6-F6B1-4194-9703-3D4FBBC718CE} = {4986B7E6-F6B1-4194-9703-3D4FBBC718CE}
		{2CA2E5A5-206A-49FF-AC59-9248E837A822} = {2CA2E5A5-206A-49FF-AC59-9248E837A822}
	EndProjectSection
EndProject
Project("{8BC9CEB8-8B4A-11D0-8D11-00A0C91BC942}") = "AMD", "..\..\AMD.vcproj", "{F43024F0-B343-4560-96ED-40312E418911}"
EndProject
Project("{8BC9CEB8-8B4A-11D0-8D11-00A0C91BC942}") = "AMD_Include", "..\..\Include\AMD_Include.vcproj", "{D8B94913-A4FD-4AFD-BF70-B96AB3B09E6A}"
EndProject
Project("{8BC9CEB8-8B4A-11D0-8D11-00A0C91BC942}") = "AMD_Legacy", "..\..\Legacy\AMD_Legacy.vcproj", "{4FE1AEC9-E023-4985-B31B-A98A65189A96}"
EndProject
Project("{8BC9CEB8-8B4A-11D0-8D11-00A0C91BC942}") = "AMD_Lib", "..\..\Lib\AMD_Lib.vcproj", "{321389F2-D8C9-4C9F-B22B-33A8D23B495B}"
EndProject
Project("{8BC9CEB8-8B4A-11D0-8D11-00A0C91BC942}") = "AMD_Lib_IA32", "..\..\Lib\IA32\AMD_Lib_IA32.vcproj", "{F1B6DE43-4D72-4368-90E9-CB10F8FFEE21}"
EndProject
Project("{8BC9CEB8-8B4A-11D0-8D11-00A0C91BC942}") = "AMD_Proc_Common", "..\..\Proc\Common\AMD_Proc_Common.vcproj", "{48C5EC54-3891-4449-BBB0-80902E403C8F}"
EndProject
Project("{8BC9CEB8-8B4A-11D0-8D11-00A0C91BC942}") = "AMD_Proc_CPU", "..\..\Proc\CPU\AMD_Proc_CPU.vcproj", "{44973602-D8C0-4CCF-BBD5-153369F10DDB}"
EndProject
Project("{8BC9CEB8-8B4A-11D0-8D11-00A0C91BC942}") = "AMD_Proc_CPU_Family", "..\..\Proc\CPU\Family\AMD_Proc_CPU_Family.vcproj", "{9E3BAAF6-77E2-4825-9960-99B4BFC566F5}"
EndProject
Project("{8BC9CEB8-8B4A-11D0-8D11-00A0C91BC942}") = "AMD_Proc_CPU_Family_0x15", "..\..\Proc\CPU\Family\0x15\AMD_Proc_CPU_Family_0x15.vcproj", "{3DE96E82-A401-4E5C-94CB-5ED2CEC3D517}"
EndProject
Project("{8BC9CEB8-8B4A-11D0-8D11-00A0C91BC942}") = "AMD_Proc_CPU_Family_0x15_KV", "..\..\Proc\CPU\Family\0x15\KV\AMD_Proc_CPU_Family_0x15_KV.vcproj", "{EC466D3C-B478-46CE-8AFF-25D28E2690F3}"
EndProject
Project("{8BC9CEB8-8B4A-11D0-8D11-00A0C91BC942}") = "AMD_Proc_CPU_Feature", "..\..\Proc\CPU\Feature\AMD_Proc_CPU_Feature.vcproj", "{168FD994-550A-4B6B-9E6B-2BC83848FE20}"
EndProject
Project("{8BC9CEB8-8B4A-11D0-8D11-00A0C91BC942}") = "AMD_Proc_Fch", "..\..\Proc\Fch\AMD_Proc_Fch.vcproj", "{A169DA97-F034-4828-AD0F-068576418A7F}"
EndProject
Project("{8BC9CEB8-8B4A-11D0-8D11-00A0C91BC942}") = "AMD_Proc_Fch_Azalia", "..\..\Proc\Fch\Azalia\AMD_Proc_Fch_Azalia.vcproj", "{829EA9A3-DF26-4B90-BE7E-96AB9F60D802}"
EndProject
Project("{8BC9CEB8-8B4A-11D0-8D11-00A0C91BC942}") = "AMD_Proc_Fch_Common", "..\..\Proc\Fch\Common\AMD_Proc_Fch_Common.vcproj", "{7BE194F4-3BD2-4047-B74C-130D753A188C}"
EndProject
Project("{8BC9CEB8-8B4A-11D0-8D11-00A0C91BC942}") = "AMD_Proc_Fch_Gec", "..\..\Proc\Fch\Gec\AMD_Proc_Fch_Gec.vcproj", "{1AB9075A-1CA0-4006-8A87-61548C06D978}"
EndProject
Project("{8BC9CEB8-8B4A-11D0-8D11-00A0C91BC942}") = "AMD_Proc_Fch_Gec_Family_Hudson2", "..\..\Proc\Fch\Gec\Family\Hudson2\AMD_Proc_Fch_Gec_Family_Hudson2.vcproj", "{5BD1A26B-B151-42D3-9291-0792570850FB}"
EndProject
Project("{8BC9CEB8-8B4A-11D0-8D11-00A0C91BC942}") = "AMD_Proc_Fch_HwAcpi", "..\..\Proc\Fch\HwAcpi\AMD_Proc_Fch_HwAcpi.vcproj", "{580FA046-115E-4800-B83F-1B05E670369F}"
EndProject
Project("{8BC9CEB8-8B4A-11D0-8D11-00A0C91BC942}") = "AMD_Proc_Fch_HwAcpi_Family_Hudson2", "..\..\Proc\Fch\HwAcpi\Family\Hudson2\AMD_Proc_Fch_HwAcpi_Family_Hudson2.vcproj", "{E16864E0-1C04-4B2E-B8FE-D8237915C6E5}"
EndProject
Project("{8BC9CEB8-8B4A-11D0-8D11-00A0C91BC942}") = "AMD_Proc_Fch_Hwm", "..\..\Proc\Fch\Hwm\AMD_Proc_Fch_Hwm.vcproj", "{00BDC586-DCFD-4673-806F-770FB4B02296}"
EndProject
Project("{8BC9CEB8-8B4A-11D0-8D11-00A0C91BC942}") = "AMD_Proc_Fch_Hwm_Family_Hudson2", "..\..\Proc\Fch\Hwm\Family\Hudson2\AMD_Proc_Fch_Hwm_Family_Hudson2.vcproj", "{72F3A3CC-280F-4B93-871E-652FBEE5E469}"
EndProject
Project("{8BC9CEB8-8B4A-11D0-8D11-00A0C91BC942}") = "AMD_Proc_Fch_Ide", "..\..\Proc\Fch\Ide\AMD_Proc_Fch_Ide.vcproj", "{AC9E7F42-4F8E-4922-915A-5893389C6FFF}"
EndProject
Project("{8BC9CEB8-8B4A-11D0-8D11-00A0C91BC942}") = "AMD_Proc_Fch_Imc", "..\..\Proc\Fch\Imc\AMD_Proc_Fch_Imc.vcproj", "{D551C42E-DD91-4FF3-BE0F-1AD0E2891EC9}"
EndProject
Project("{8BC9CEB8-8B4A-11D0-8D11-00A0C91BC942}") = "AMD_Proc_Fch_Imc_Family_Hudson2", "..\..\Proc\Fch\Imc\Family\Hudson2\AMD_Proc_Fch_Imc_Family_Hudson2.vcproj", "{FE19C9E2-9CB5-4967-AAA8-2B97E7A0AC7F}"
EndProject
Project("{8BC9CEB8-8B4A-11D0-8D11-00A0C91BC942}") = "AMD_Proc_Fch_Interface", "..\..\Proc\Fch\Interface\AMD_Proc_Fch_Interface.vcproj", "{5688F64F-E2D8-4FD2-B6CB-0E54EAE9BC82}"
EndProject
Project("{8BC9CEB8-8B4A-11D0-8D11-00A0C91BC942}") = "AMD_Proc_Fch_Interface_Family_Hudson2", "..\..\Proc\Fch\Interface\Family\Hudson2\AMD_Proc_Fch_Interface_Family_Hudson2.vcproj", "{41203224-B8FC-4DD6-83CA-849A620DFA86}"
EndProject
Project("{8BC9CEB8-8B4A-11D0-8D11-00A0C91BC942}") = "AMD_Proc_Fch_Ir", "..\..\Proc\Fch\Ir\AMD_Proc_Fch_Ir.vcproj", "{9C26249B-7641-4F7E-B45D-2A533A214595}"
EndProject
Project("{8BC9CEB8-8B4A-11D0-8D11-00A0C91BC942}") = "AMD_Proc_Fch_Pcib", "..\..\Proc\Fch\Pcib\AMD_Proc_Fch_Pcib.vcproj", "{8F23BB21-7D5C-487D-BB25-97868AACCE53}"
EndProject
Project("{8BC9CEB8-8B4A-11D0-8D11-00A0C91BC942}") = "AMD_Proc_Fch_Pcie", "..\..\Proc\Fch\Pcie\AMD_Proc_Fch_Pcie.vcproj", "{4D035920-0A1B-463A-A785-C5D2A0A20BAC}"
EndProject
Project("{8BC9CEB8-8B4A-11D0-8D11-00A0C91BC942}") = "AMD_Proc_Fch_Pcie_Family_Hudson2", "..\..\Proc\Fch\Pcie\Family\Hudson2\AMD_Proc_Fch_Pcie_Family_Hudson2.vcproj", "{B0C371A9-A1DD-4C47-AE27-72A5D4486839}"
EndProject
Project("{8BC9CEB8-8B4A-11D0-8D11-00A0C91BC942}") = "AMD_Proc_Fch_Sata", "..\..\Proc\Fch\Sata\AMD_Proc_Fch_Sata.vcproj", "{A477E88E-9E0A-4351-BE7B-7F0B2EA8108C}"
EndProject
Project("{8BC9CEB8-8B4A-11D0-8D11-00A0C91BC942}") = "AMD_Proc_Fch_Sata_Family_Hudson2", "..\..\Proc\Fch\Sata\Family\Hudson2\AMD_Proc_Fch_Sata_Family_Hudson2.vcproj", "{70842FF0-9D4E-4188-A7A3-69F1E5B253AE}"
EndProject
Project("{8BC9CEB8-8B4A-11D0-8D11-00A0C91BC942}") = "AMD_Proc_Fch_Sd", "..\..\Proc\Fch\Sd\AMD_Proc_Fch_Sd.vcproj", "{CE2094F3-A6FB-40FC-9D77-EBB3A4B088BA}"
EndProject
Project("{8BC9CEB8-8B4A-11D0-8D11-00A0C91BC942}") = "AMD_Proc_Fch_Sd_Family_Hudson2", "..\..\Proc\Fch\Sd\Family\Hudson2\AMD_Proc_Fch_Sd_Family_Hudson2.vcproj", "{BAF27821-6010-4D01-B37B-F4D612919819}"
EndProject
Project("{8BC9CEB8-8B4A-11D0-8D11-00A0C91BC942}") = "AMD_Proc_Fch_Spi", "..\..\Proc\Fch\Spi\AMD_Proc_Fch_Spi.vcproj", "{580FF810-CD14-4D27-AABA-5BAB1371B03A}"
EndProject
Project("{8BC9CEB8-8B4A-11D0-8D11-00A0C91BC942}") = "AMD_Proc_Fch_Spi_Family_Hudson2", "..\..\Proc\Fch\Spi\Family\Hudson2\AMD_Proc_Fch_Spi_Family_Hudson2.vcproj", "{68C5C79D-6299-4BA7-8AD1-9D1B46AC20AB}"
EndProject
Project("{8BC9CEB8-8B4A-11D0-8D11-00A0C91BC942}") = "AMD_Proc_Fch_Usb", "..\..\Proc\Fch\Usb\AMD_Proc_Fch_Usb.vcproj", "{F1A7741B-9F16-4956-9D9F-D184DBCAFFE5}"
EndProject
Project("{8BC9CEB8-8B4A-11D0-8D11-00A0C91BC942}") = "AMD_Proc_Fch_Usb_Family_Hudson2", "..\..\Proc\Fch\Usb\Family\Hudson2\AMD_Proc_Fch_Usb_Family_Hudson2.vcproj", "{A8E349B7-CEED-4986-B8F1-A28E2B6DF466}"
EndProject
Project("{8BC9CEB8-8B4A-11D0-8D11-00A0C91BC942}") = "AMD_Proc_GNB", "..\..\Proc\GNB\AMD_Proc_GNB.vcproj", "{319E0438-A27B-4706-80EA-B0366F08DBB9}"
EndProject
Project("{8BC9CEB8-8B4A-11D0-8D11-00A0C91BC942}") = "AMD_Proc_GNB_Common", "..\..\Proc\GNB\Common\AMD_Proc_GNB_Common.vcproj", "{9D08A1AB-0A1F-4D0B-B287-5641E20870CA}"
EndProject
Project("{8BC9CEB8-8B4A-11D0-8D11-00A0C91BC942}") = "AMD_Proc_GNB_Modules_GnbCommonLib", "..\..\Proc\GNB\Modules\GnbCommonLib\AMD_Proc_GNB_Modules_GnbCommonLib.vcproj", "{70498F07-62CA-4D3B-BC14-77645B2AD892}"
EndProject
Project("{8BC9CEB8-8B4A-11D0-8D11-00A0C91BC942}") = "AMD_Proc_GNB_Modules_GnbFamTranslation", "..\..\Proc\GNB\Modules\GnbFamTranslation\AMD_Proc_GNB_Modules_GnbFamTranslation.vcproj", "{AD71E41D-E27A-4B2A-852B-3258BCA7476C}"
EndProject
Project("{8BC9CEB8-8B4A-11D0-8D11-00A0C91BC942}") = "AMD_Proc_GNB_Modules_GnbGfxConfig", "..\..\Proc\GNB\Modules\GnbGfxConfig\AMD_Proc_GNB_Modules_GnbGfxConfig.vcproj", "{18E34D26-6DE6-4399-B150-DDB3F0B938B6}"
EndProject
Project("{8BC9CEB8-8B4A-11D0-8D11-00A0C91BC942}") = "AMD_Proc_GNB_Modules_GnbGfxInitLibV1", "..\..\Proc\GNB\Modules\GnbGfxInitLibV1\AMD_Proc_GNB_Modules_GnbGfxInitLibV1.vcproj", "{96B602B1-2D40-4799-BB81-13CDADCD5A16}"
EndProject
Project("{8BC9CEB8-8B4A-11D0-8D11-00A0C91BC942}") = "AMD_Proc_GNB_Modules_GnbGfxIntTableV3", "..\..\Proc\GNB\Modules\GnbGfxIntTableV3\AMD_Proc_GNB_Modules_GnbGfxIntTableV3.vcproj", "{955F630C-E492-42E0-9B44-57731164AAB5}"
EndProject
Project("{8BC9CEB8-8B4A-11D0-8D11-00A0C91BC942}") = "AMD_Proc_GNB_Modules_GnbInitKV", "..\..\Proc\GNB\Modules\GnbInitKV\AMD_Proc_GNB_Modules_GnbInitKV.vcproj", "{10544995-C584-4C4A-A2D3-B05C03EE003C}"
EndProject
Project("{8BC9CEB8-8B4A-11D0-8D11-00A0C91BC942}") = "AMD_Proc_GNB_Modules_GnbIoapic", "..\..\Proc\GNB\Modules\GnbIoapic\AMD_Proc_GNB_Modules_GnbIoapic.vcproj", "{92C55F81-A2F5-4013-95AE-158A004E06F4}"
EndProject
Project("{8BC9CEB8-8B4A-11D0-8D11-00A0C91BC942}") = "AMD_Proc_GNB_Modules_GnbIommuIvrs", "..\..\Proc\GNB\Modules\GnbIommuIvrs\AMD_Proc_GNB_Modules_GnbIommuIvrs.vcproj", "{C229EBF3-6BC4-4329-8DF2-93682BA9F6A2}"
EndProject
Project("{8BC9CEB8-8B4A-11D0-8D11-00A0C91BC942}") = "AMD_Proc_GNB_Modules_GnbIommuScratch", "..\..\Proc\GNB\Modules\GnbIommuScratch\AMD_Proc_GNB_Modules_GnbIommuScratch.vcproj", "{E4F57EF9-3D4F-4EC0-99D0-CD84268BEC0C}"
EndProject
Project("{8BC9CEB8-8B4A-11D0-8D11-00A0C91BC942}") = "AMD_Proc_GNB_Modules_GnbIvrsLib", "..\..\Proc\GNB\Modules\GnbIvrsLib\AMD_Proc_GNB_Modules_GnbIvrsLib.vcproj", "{78F461DF-DA4E-4001-8C9A-AF22E03E4AD3}"
EndProject
Project("{8BC9CEB8-8B4A-11D0-8D11-00A0C91BC942}") = "AMD_Proc_GNB_Modules_GnbNbInitLibV1", "..\..\Proc\GNB\Modules\GnbNbInitLibV1\AMD_Proc_GNB_Modules_GnbNbInitLibV1.vcproj", "{3FE4FB7D-AE24-43D3-8610-4CE48995CC52}"
EndProject
Project("{8BC9CEB8-8B4A-11D0-8D11-00A0C91BC942}") = "AMD_Proc_GNB_Modules_GnbNbInitLibV4", "..\..\Proc\GNB\Modules\GnbNbInitLibV4\AMD_Proc_GNB_Modules_GnbNbInitLibV4.vcproj", "{3145496C-7918-47D8-B3EA-80CA638AD5E8}"
EndProject
Project("{8BC9CEB8-8B4A-11D0-8D11-00A0C91BC942}") = "AMD_Proc_GNB_Modules_GnbNbInitLibV5", "..\..\Proc\GNB\Modules\GnbNbInitLibV5\AMD_Proc_GNB_Modules_GnbNbInitLibV5.vcproj", "{3B3F2DDF-1EFD-4C4A-B309-39F53B7E2211}"
EndProject
Project("{8BC9CEB8-8B4A-11D0-8D11-00A0C91BC942}") = "AMD_Proc_GNB_Modules_GnbPcieAlibV2", "..\..\Proc\GNB\Modules\GnbPcieAlibV2\AMD_Proc_GNB_Modules_GnbPcieAlibV2.vcproj", "{2B9DDE11-76F9-4773-A3CC-111FF748BAF5}"
EndProject
Project("{8BC9CEB8-8B4A-11D0-8D11-00A0C91BC942}") = "AMD_Proc_GNB_Modules_GnbPcieAspm", "..\..\Proc\GNB\Modules\GnbPcieAspm\AMD_Proc_GNB_Modules_GnbPcieAspm.vcproj", "{2B6736E2-1EAF-4969-A0B3-43FBD8C80184}"
EndProject
Project("{8BC9CEB8-8B4A-11D0-8D11-00A0C91BC942}") = "AMD_Proc_GNB_Modules_GnbPcieClkPm", "..\..\Proc\GNB\Modules\GnbPcieClkPm\AMD_Proc_GNB_Modules_GnbPcieClkPm.vcproj", "{A3992395-4B8A-4DF4-9EB1-FF18D79E5615}"
EndProject
Project("{8BC9CEB8-8B4A-11D0-8D11-00A0C91BC942}") = "AMD_Proc_GNB_Modules_GnbPcieCommClkCfg", "..\..\Proc\GNB\Modules\GnbPcieCommClkCfg\AMD_Proc_GNB_Modules_GnbPcieCommClkCfg.vcproj", "{1E93389A-32D8-483A-BDDE-A7FC15C5DE0E}"
EndProject
Project("{8BC9CEB8-8B4A-11D0-8D11-00A0C91BC942}") = "AMD_Proc_GNB_Modules_GnbPcieConfig", "..\..\Proc\GNB\Modules\GnbPcieConfig\AMD_Proc_GNB_Modules_GnbPcieConfig.vcproj", "{C3EE2D73-2677-4706-835D-9EF45BC50D38}"
EndProject
Project("{8BC9CEB8-8B4A-11D0-8D11-00A0C91BC942}") = "AMD_Proc_GNB_Modules_GnbPcieInitLibV1", "..\..\Proc\GNB\Modules\GnbPcieInitLibV1\AMD_Proc_GNB_Modules_GnbPcieInitLibV1.vcproj", "{30638E07-A94B-4BD2-9416-69ABF2782409}"
EndProject
Project("{8BC9CEB8-8B4A-11D0-8D11-00A0C91BC942}") = "AMD_Proc_GNB_Modules_GnbPcieInitLibV4", "..\..\Proc\GNB\Modules\GnbPcieInitLibV4\AMD_Proc_GNB_Modules_GnbPcieInitLibV4.vcproj", "{87F3B0C3-5AFE-4F26-B886-215D89F49044}"
EndProject
Project("{8BC9CEB8-8B4A-11D0-8D11-00A0C91BC942}") = "AMD_Proc_GNB_Modules_GnbPcieInitLibV5", "..\..\Proc\GNB\Modules\GnbPcieInitLibV5\AMD_Proc_GNB_Modules_GnbPcieInitLibV5.vcproj", "{9426987E-B179-406F-8650-51A98D808763}"
EndProject
Project("{8BC9CEB8-8B4A-11D0-8D11-00A0C91BC942}") = "AMD_Proc_GNB_Modules_GnbPcieMaxPayload", "..\..\Proc\GNB\Modules\GnbPcieMaxPayload\AMD_Proc_GNB_Modules_GnbPcieMaxPayload.vcproj", "{4E8C05E3-784A-4E19-BA76-9FE43E02EAD0}"
EndProject
Project("{8BC9CEB8-8B4A-11D0-8D11-00A0C91BC942}") = "AMD_Proc_GNB_Modules_GnbPcieTrainingV1", "..\..\Proc\GNB\Modules\GnbPcieTrainingV1\AMD_Proc_GNB_Modules_GnbPcieTrainingV1.vcproj", "{C05992F2-5493-418C-9D5D-188F848F6341}"
EndProject
Project("{8BC9CEB8-8B4A-11D0-8D11-00A0C91BC942}") = "AMD_Proc_GNB_Modules_GnbPcieTrainingV2", "..\..\Proc\GNB\Modules\GnbPcieTrainingV2\AMD_Proc_GNB_Modules_GnbPcieTrainingV2.vcproj", "{CFA71AB5-3A22-4A69-9CAB-01AF7C3036AC}"
EndProject
Project("{8BC9CEB8-8B4A-11D0-8D11-00A0C91BC942}") = "AMD_Proc_GNB_Modules_GnbSbIommuLib", "..\..\Proc\GNB\Modules\GnbSbIommuLib\AMD_Proc_GNB_Modules_GnbSbIommuLib.vcproj", "{61F21B31-DECD-49DD-B23F-8F15FF0897CC}"
EndProject
Project("{8BC9CEB8-8B4A-11D0-8D11-00A0C91BC942}") = "AMD_Proc_GNB_Modules_GnbSbLib", "..\..\Proc\GNB\Modules\GnbSbLib\AMD_Proc_GNB_Modules_GnbSbLib.vcproj", "{98A64F9D-5769-480C-A930-92CA8C740B13}"
EndProject
Project("{8BC9CEB8-8B4A-11D0-8D11-00A0C91BC942}") = "AMD_Proc_GNB_Modules_GnbScsLibV1", "..\..\Proc\GNB\Modules\GnbScsLibV1\AMD_Proc_GNB_Modules_GnbScsLibV1.vcproj", "{8A7BA389-DB06-46E8-956D-C32A501EF1CD}"
EndProject
Project("{8BC9CEB8-8B4A-11D0-8D11-00A0C91BC942}") = "AMD_Proc_GNB_Modules_GnbSmuLibV7", "..\..\Proc\GNB\Modules\GnbSmuLibV7\AMD_Proc_GNB_Modules_GnbSmuLibV7.vcproj", "{17B41869-02F5-40E8-A334-3D214C2C7B72}"
EndProject
Project("{8BC9CEB8-8B4A-11D0-8D11-00A0C91BC942}") = "AMD_Proc_GNB_Modules_GnbSSocketLib", "..\..\Proc\GNB\Modules\GnbSSocketLib\AMD_Proc_GNB_Modules_GnbSSocketLib.vcproj", "{93B5DDDD-5C58-4D2B-9C71-22525A8F6C9B}"
EndProject
Project("{8BC9CEB8-8B4A-11D0-8D11-00A0C91BC942}") = "AMD_Proc_GNB_Modules_GnbSview", "..\..\Proc\GNB\Modules\GnbSview\AMD_Proc_GNB_Modules_GnbSview.vcproj", "{5A5DAD20-9E43-4FF6-A6F4-33E521E5C695}"
EndProject
Project("{8BC9CEB8-8B4A-11D0-8D11-00A0C91BC942}") = "AMD_Proc_GNB_Modules_GnbTable", "..\..\Proc\GNB\Modules\GnbTable\AMD_Proc_GNB_Modules_GnbTable.vcproj", "{C7C6F7F5-69A9-4CE6-903C-52B2F88ABD1A}"
EndProject
Project("{8BC9CEB8-8B4A-11D0-8D11-00A0C91BC942}") = "AMD_Proc_GNB_Modules_GnbUraLibV1", "..\..\Proc\GNB\Modules\GnbUraLibV1\AMD_Proc_GNB_Modules_GnbUraLibV1.vcproj", "{D2E7D590-6A52-4192-9DD4-846A3F1690A5}"
EndProject
Project("{8BC9CEB8-8B4A-11D0-8D11-00A0C91BC942}") = "AMD_Proc_IDS", "..\..\Proc\IDS\AMD_Proc_IDS.vcproj", "{C588D956-3BD6-40EA-B3C7-76F5EE5C3E40}"
EndProject
Project("{8BC9CEB8-8B4A-11D0-8D11-00A0C91BC942}") = "AMD_Proc_IDS_Control", "..\..\Proc\IDS\Control\AMD_Proc_IDS_Control.vcproj", "{ADF3E519-7170-41BA-8C08-E3674C8CB5E7}"
EndProject
Project("{8BC9CEB8-8B4A-11D0-8D11-00A0C91BC942}") = "AMD_Proc_IDS_Debug", "..\..\Proc\IDS\Debug\AMD_Proc_IDS_Debug.vcproj", "{CE5CDE95-F32F-4568-A9AD-AC3BE6F7FBBD}"
EndProject
Project("{8BC9CEB8-8B4A-11D0-8D11-00A0C91BC942}") = "AMD_Proc_IDS_Family_0x15", "..\..\Proc\IDS\Family\0x15\AMD_Proc_IDS_Family_0x15.vcproj", "{BF2AD316-9B0E-4475-8F06-14CA602521A8}"
EndProject
Project("{8BC9CEB8-8B4A-11D0-8D11-00A0C91BC942}") = "AMD_Proc_IDS_Family_0x15_KV", "..\..\Proc\IDS\Family\0x15\KV\AMD_Proc_IDS_Family_0x15_KV.vcproj", "{6E297A11-AFAD-4FF7-9912-E73D494C772D}"
EndProject
Project("{8BC9CEB8-8B4A-11D0-8D11-00A0C91BC942}") = "AMD_Proc_IDS_Library", "..\..\Proc\IDS\Library\AMD_Proc_IDS_Library.vcproj", "{094795CB-31AA-42CE-B11C-35D39106DCD2}"
EndProject
Project("{8BC9CEB8-8B4A-11D0-8D11-00A0C91BC942}") = "AMD_Proc_IDS_Perf", "..\..\Proc\IDS\Perf\AMD_Proc_IDS_Perf.vcproj", "{7E69175B-BE27-4C13-A34F-36791BAE81BB}"
EndProject
Project("{8BC9CEB8-8B4A-11D0-8D11-00A0C91BC942}") = "AMD_Proc_Recovery", "..\..\Proc\Recovery\AMD_Proc_Recovery.vcproj", "{31760D14-5833-4DD1-8C89-DEE426A28235}"
EndProject
Project("{8BC9CEB8-8B4A-11D0-8D11-00A0C91BC942}") = "AMD_Proc_Recovery_CPU", "..\..\Proc\Recovery\CPU\AMD_Proc_Recovery_CPU.vcproj", "{54AA28A8-E874-41CC-9B98-85272147B7C5}"
EndProject
Project("{8BC9CEB8-8B4A-11D0-8D11-00A0C91BC942}") = "AMD_Proc_Recovery_GNB", "..\..\Proc\Recovery\GNB\AMD_Proc_Recovery_GNB.vcproj", "{CDC460B8-48BC-4093-BE4C-6803DF752AC9}"
EndProject
Project("{8BC9CEB8-8B4A-11D0-8D11-00A0C91BC942}") = "AMD_Proc_Recovery_Mem", "..\..\Proc\Recovery\Mem\AMD_Proc_Recovery_Mem.vcproj", "{DB83BF66-1A89-45C4-A6AB-01F178807900}"
EndProject
Project("{8BC9CEB8-8B4A-11D0-8D11-00A0C91BC942}") = "AMD_Proc_Recovery_Mem_NB", "..\..\Proc\Recovery\Mem\NB\AMD_Proc_Recovery_Mem_NB.vcproj", "{A567E331-0C3A-4B90-AF39-C94101417808}"
EndProject
Project("{8BC9CEB8-8B4A-11D0-8D11-00A0C91BC942}") = "AMD_Proc_Recovery_Mem_Tech", "..\..\Proc\Recovery\Mem\Tech\AMD_Proc_Recovery_Mem_Tech.vcproj", "{F2E8FD2C-C733-46DD-8031-3B18EE5ADF67}"
EndProject
Project("{8BC9CEB8-8B4A-11D0-8D11-00A0C91BC942}") = "AMD_Proc_Recovery_Mem_Tech_DDR3", "..\..\Proc\Recovery\Mem\Tech\DDR3\AMD_Proc_Recovery_Mem_Tech_DDR3.vcproj", "{4986B7E6-F6B1-4194-9703-3D4FBBC718CE}"
EndProject
Project("{8BC9CEB8-8B4A-11D0-8D11-00A0C91BC942}") = "AMD_Proc_Recovery_Topology", "..\..\Proc\Recovery\Topology\AMD_Proc_Recovery_Topology.vcproj", "{2CA2E5A5-206A-49FF-AC59-9248E837A822}"
EndProject
Project("{8BC9CEB8-8B4A-11D0-8D11-00A0C91BC942}") = "Agesa_B2_Target", "..\..\Legacy\Proc\Agesa_B2_Target.vcproj", "{47123D6E-CA82-4E75-91C5-6611BB69713B}"
	ProjectSection(ProjectDependencies) = postProject
		{321389F2-D8C9-4C9F-B22B-33A8D23B495B} = {321389F2-D8C9-4C9F-B22B-33A8D23B495B}
		{F1B6DE43-4D72-4368-90E9-CB10F8FFEE21} = {F1B6DE43-4D72-4368-90E9-CB10F8FFEE21}
		{48C5EC54-3891-4449-BBB0-80902E403C8F} = {48C5EC54-3891-4449-BBB0-80902E403C8F}
		{44973602-D8C0-4CCF-BBD5-153369F10DDB} = {44973602-D8C0-4CCF-BBD5-153369F10DDB}
		{3DE96E82-A401-4E5C-94CB-5ED2CEC3D517} = {3DE96E82-A401-4E5C-94CB-5ED2CEC3D517}
		{EC466D3C-B478-46CE-8AFF-25D28E2690F3} = {EC466D3C-B478-46CE-8AFF-25D28E2690F3}
		{168FD994-550A-4B6B-9E6B-2BC83848FE20} = {168FD994-550A-4B6B-9E6B-2BC83848FE20}
		{829EA9A3-DF26-4B90-BE7E-96AB9F60D802} = {829EA9A3-DF26-4B90-BE7E-96AB9F60D802}
		{7BE194F4-3BD2-4047-B74C-130D753A188C} = {7BE194F4-3BD2-4047-B74C-130D753A188C}
		{1AB9075A-1CA0-4006-8A87-61548C06D978} = {1AB9075A-1CA0-4006-8A87-61548C06D978}
		{5BD1A26B-B151-42D3-9291-0792570850FB} = {5BD1A26B-B151-42D3-9291-0792570850FB}
		{580FA046-115E-4800-B83F-1B05E670369F} = {580FA046-115E-4800-B83F-1B05E670369F}
		{E16864E0-1C04-4B2E-B8FE-D8237915C6E5} = {E16864E0-1C04-4B2E-B8FE-D8237915C6E5}
		{00BDC586-DCFD-4673-806F-770FB4B02296} = {00BDC586-DCFD-4673-806F-770FB4B02296}
		{72F3A3CC-280F-4B93-871E-652FBEE5E469} = {72F3A3CC-280F-4B93-871E-652FBEE5E469}
		{AC9E7F42-4F8E-4922-915A-5893389C6FFF} = {AC9E7F42-4F8E-4922-915A-5893389C6FFF}
		{D551C42E-DD91-4FF3-BE0F-1AD0E2891EC9} = {D551C42E-DD91-4FF3-BE0F-1AD0E2891EC9}
		{FE19C9E2-9CB5-4967-AAA8-2B97E7A0AC7F} = {FE19C9E2-9CB5-4967-AAA8-2B97E7A0AC7F}
		{5688F64F-E2D8-4FD2-B6CB-0E54EAE9BC82} = {5688F64F-E2D8-4FD2-B6CB-0E54EAE9BC82}
		{41203224-B8FC-4DD6-83CA-849A620DFA86} = {41203224-B8FC-4DD6-83CA-849A620DFA86}
		{9C26249B-7641-4F7E-B45D-2A533A214595} = {9C26249B-7641-4F7E-B45D-2A533A214595}
		{8F23BB21-7D5C-487D-BB25-97868AACCE53} = {8F23BB21-7D5C-487D-BB25-97868AACCE53}
		{4D035920-0A1B-463A-A785-C5D2A0A20BAC} = {4D035920-0A1B-463A-A785-C5D2A0A20BAC}
		{B0C371A9-A1DD-4C47-AE27-72A5D4486839} = {B0C371A9-A1DD-4C47-AE27-72A5D4486839}
		{A477E88E-9E0A-4351-BE7B-7F0B2EA8108C} = {A477E88E-9E0A-4351-BE7B-7F0B2EA8108C}
		{70842FF0-9D4E-4188-A7A3-69F1E5B253AE} = {70842FF0-9D4E-4188-A7A3-69F1E5B253AE}
		{CE2094F3-A6FB-40FC-9D77-EBB3A4B088BA} = {CE2094F3-A6FB-40FC-9D77-EBB3A4B088BA}
		{BAF27821-6010-4D01-B37B-F4D612919819} = {BAF27821-6010-4D01-B37B-F4D612919819}
		{580FF810-CD14-4D27-AABA-5BAB1371B03A} = {580FF810-CD14-4D27-AABA-5BAB1371B03A}
		{68C5C79D-6299-4BA7-8AD1-9D1B46AC20AB} = {68C5C79D-6299-4BA7-8AD1-9D1B46AC20AB}
		{F1A7741B-9F16-4956-9D9F-D184DBCAFFE5} = {F1A7741B-9F16-4956-9D9F-D184DBCAFFE5}
		{A8E349B7-CEED-4986-B8F1-A28E2B6DF466} = {A8E349B7-CEED-4986-B8F1-A28E2B6DF466}
		{319E0438-A27B-4706-80EA-B0366F08DBB9} = {319E0438-A27B-4706-80EA-B0366F08DBB9}
		{9D08A1AB-0A1F-4D0B-B287-5641E20870CA} = {9D08A1AB-0A1F-4D0B-B287-5641E20870CA}
		{70498F07-62CA-4D3B-BC14-77645B2AD892} = {70498F07-62CA-4D3B-BC14-77645B2AD892}
		{AD71E41D-E27A-4B2A-852B-3258BCA7476C} = {AD71E41D-E27A-4B2A-852B-3258BCA7476C}
		{18E34D26-6DE6-4399-B150-DDB3F0B938B6} = {18E34D26-6DE6-4399-B150-DDB3F0B938B6}
		{96B602B1-2D40-4799-BB81-13CDADCD5A16} = {96B602B1-2D40-4799-BB81-13CDADCD5A16}
		{955F630C-E492-42E0-9B44-57731164AAB5} = {955F630C-E492-42E0-9B44-57731164AAB5}
		{10544995-C584-4C4A-A2D3-B05C03EE003C} = {10544995-C584-4C4A-A2D3-B05C03EE003C}
		{92C55F81-A2F5-4013-95AE-158A004E06F4} = {92C55F81-A2F5-4013-95AE-158A004E06F4}
		{C229EBF3-6BC4-4329-8DF2-93682BA9F6A2} = {C229EBF3-6BC4-4329-8DF2-93682BA9F6A2}
		{E4F57EF9-3D4F-4EC0-99D0-CD84268BEC0C} = {E4F57EF9-3D4F-4EC0-99D0-CD84268BEC0C}
		{78F461DF-DA4E-4001-8C9A-AF22E03E4AD3} = {78F461DF-DA4E-4001-8C9A-AF22E03E4AD3}
		{3FE4FB7D-AE24-43D3-8610-4CE48995CC52} = {3FE4FB7D-AE24-43D3-8610-4CE48995CC52}
		{3145496C-7918-47D8-B3EA-80CA638AD5E8} = {3145496C-7918-47D8-B3EA-80CA638AD5E8}
		{3B3F2DDF-1EFD-4C4A-B309-39F53B7E2211} = {3B3F2DDF-1EFD-4C4A-B309-39F53B7E2211}
		{2B9DDE11-76F9-4773-A3CC-111FF748BAF5} = {2B9DDE11-76F9-4773-A3CC-111FF748BAF5}
		{2B6736E2-1EAF-4969-A0B3-43FBD8C80184} = {2B6736E2-1EAF-4969-A0B3-43FBD8C80184}
		{A3992395-4B8A-4DF4-9EB1-FF18D79E5615} = {A3992395-4B8A-4DF4-9EB1-FF18D79E5615}
		{1E93389A-32D8-483A-BDDE-A7FC15C5DE0E} = {1E93389A-32D8-483A-BDDE-A7FC15C5DE0E}
		{C3EE2D73-2677-4706-835D-9EF45BC50D38} = {C3EE2D73-2677-4706-835D-9EF45BC50D38}
		{30638E07-A94B-4BD2-9416-69ABF2782409} = {30638E07-A94B-4BD2-9416-69ABF2782409}
		{87F3B0C3-5AFE-4F26-B886-215D89F49044} = {87F3B0C3-5AFE-4F26-B886-215D89F49044}
		{9426987E-B179-406F-8650-51A98D808763} = {9426987E-B179-406F-8650-51A98D808763}
		{4E8C05E3-784A-4E19-BA76-9FE43E02EAD0} = {4E8C05E3-784A-4E19-BA76-9FE43E02EAD0}
		{C05992F2-5493-418C-9D5D-188F848F6341} = {C05992F2-5493-418C-9D5D-188F848F6341}
		{CFA71AB5-3A22-4A69-9CAB-01AF7C3036AC} = {CFA71AB5-3A22-4A69-9CAB-01AF7C3036AC}
		{61F21B31-DECD-49DD-B23F-8F15FF0897CC} = {61F21B31-DECD-49DD-B23F-8F15FF0897CC}
		{98A64F9D-5769-480C-A930-92CA8C740B13} = {98A64F9D-5769-480C-A930-92CA8C740B13}
		{8A7BA389-DB06-46E8-956D-C32A501EF1CD} = {8A7BA389-DB06-46E8-956D-C32A501EF1CD}
		{17B41869-02F5-40E8-A334-3D214C2C7B72} = {17B41869-02F5-40E8-A334-3D214C2C7B72}
		{93B5DDDD-5C58-4D2B-9C71-22525A8F6C9B} = {93B5DDDD-5C58-4D2B-9C71-22525A8F6C9B}
		{5A5DAD20-9E43-4FF6-A6F4-33E521E5C695} = {5A5DAD20-9E43-4FF6-A6F4-33E521E5C695}
		{C7C6F7F5-69A9-4CE6-903C-52B2F88ABD1A} = {C7C6F7F5-69A9-4CE6-903C-52B2F88ABD1A}
		{D2E7D590-6A52-4192-9DD4-846A3F1690A5} = {D2E7D590-6A52-4192-9DD4-846A3F1690A5}
		{ADF3E519-7170-41BA-8C08-E3674C8CB5E7} = {ADF3E519-7170-41BA-8C08-E3674C8CB5E7}
		{CE5CDE95-F32F-4568-A9AD-AC3BE6F7FBBD} = {CE5CDE95-F32F-4568-A9AD-AC3BE6F7FBBD}
		{BF2AD316-9B0E-4475-8F06-14CA602521A8} = {BF2AD316-9B0E-4475-8F06-14CA602521A8}
		{6E297A11-AFAD-4FF7-9912-E73D494C772D} = {6E297A11-AFAD-4FF7-9912-E73D494C772D}
		{094795CB-31AA-42CE-B11C-35D39106DCD2} = {094795CB-31AA-42CE-B11C-35D39106DCD2}
		{7E69175B-BE27-4C13-A34F-36791BAE81BB} = {7E69175B-BE27-4C13-A34F-36791BAE81BB}
		{8303B884-FA17-4C02-A9DF-786B7F8507E8} = {8303B884-FA17-4C02-A9DF-786B7F8507E8}
		{D1BE204C-22C1-4BCC-A38E-56836E39D41C} = {D1BE204C-22C1-4BCC-A38E-56836E39D41C}
		{9F986DAF-53F2-4BD0-AB94-C86FEDF54670} = {9F986DAF-53F2-4BD0-AB94-C86FEDF54670}
		{8321F7F5-BDC6-4297-9381-9F9A883A999A} = {8321F7F5-BDC6-4297-9381-9F9A883A999A}
		{D0462163-A3AB-4494-8747-7262B87B1462} = {D0462163-A3AB-4494-8747-7262B87B1462}
		{C076505F-2577-4100-8170-DAF996A17760} = {C076505F-2577-4100-8170-DAF996A17760}
		{250C2CC7-FF10-40FC-9074-66E6E33F5388} = {250C2CC7-FF10-40FC-9074-66E6E33F5388}
		{3390DBBD-E08E-451B-971F-11EB0D6DA90F} = {3390DBBD-E08E-451B-971F-11EB0D6DA90F}
		{79AFA24E-65E1-4674-8058-040C9CE9E0CA} = {79AFA24E-65E1-4674-8058-040C9CE9E0CA}
		{8098E6A7-F1FC-4F1C-93A5-57BBBA099457} = {8098E6A7-F1FC-4F1C-93A5-57BBBA099457}
		{D4F0422D-B245-4C2D-A181-2D56F9AA5E48} = {D4F0422D-B245-4C2D-A181-2D56F9AA5E48}
		{231F1F1A-4D29-4626-849E-354BFC518956} = {231F1F1A-4D29-4626-849E-354BFC518956}
		{0D20D9B4-CAFC-4F6C-BEDE-6E2BD16129C4} = {0D20D9B4-CAFC-4F6C-BEDE-6E2BD16129C4}
		{DCBE0317-5449-47C0-A8A2-2E5DA9D8262A} = {DCBE0317-5449-47C0-A8A2-2E5DA9D8262A}
		{B0F782BB-C99F-44DB-9AA5-0FD165E2FC4C} = {B0F782BB-C99F-44DB-9AA5-0FD165E2FC4C}
		{DF01A219-8C86-4A2A-88D3-2BC494DC2BC7} = {DF01A219-8C86-4A2A-88D3-2BC494DC2BC7}
		{9ED5E0EC-274B-4953-B8B9-078EF6E0346E} = {9ED5E0EC-274B-4953-B8B9-078EF6E0346E}
		{834E0C73-25EA-4F87-9901-0303EDAA7D29} = {834E0C73-25EA-4F87-9901-0303EDAA7D29}
		{9C6C593E-BBFB-461B-AB61-0272080350B0} = {9C6C593E-BBFB-461B-AB61-0272080350B0}
		{3ED12129-6A5C-4FBD-9C21-1660CC441CBC} = {3ED12129-6A5C-4FBD-9C21-1660CC441CBC}
		{7972D3BE-84CA-4DD3-9391-3829F3E3F13F} = {7972D3BE-84CA-4DD3-9391-3829F3E3F13F}
		{3FB0EA96-E88F-4E4E-AADA-B7F470102BA9} = {3FB0EA96-E88F-4E4E-AADA-B7F470102BA9}
		{431C1220-1EC5-4343-832F-AAAFD7E9D795} = {431C1220-1EC5-4343-832F-AAAFD7E9D795}
		{699E71D9-7DDE-4DB7-839A-6C2171717415} = {699E71D9-7DDE-4DB7-839A-6C2171717415}
		{4D3E9033-815A-4680-9EE6-F9571164110E} = {4D3E9033-815A-4680-9EE6-F9571164110E}
		{B69B30C8-1032-4BB6-ACBB-4945B34C3B53} = {B69B30C8-1032-4BB6-ACBB-4945B34C3B53}
		{0FD72382-6325-4219-B842-F193CBC470FC} = {0FD72382-6325-4219-B842-F193CBC470FC}
		{C60F7F48-3584-45F7-B4C9-DA37C46CBBF6} = {C60F7F48-3584-45F7-B4C9-DA37C46CBBF6}
	EndProjectSection
EndProject
Project("{8BC9CEB8-8B4A-11D0-8D11-00A0C91BC942}") = "AMD_Proc_Mem", "..\..\Proc\Mem\AMD_Proc_Mem.vcproj", "{4B95DD32-3F66-470C-B64B-C5A623C2BDD3}"
EndProject
Project("{8BC9CEB8-8B4A-11D0-8D11-00A0C91BC942}") = "AMD_Proc_Mem_Ardk", "..\..\Proc\Mem\Ardk\AMD_Proc_Mem_Ardk.vcproj", "{8303B884-FA17-4C02-A9DF-786B7F8507E8}"
EndProject
Project("{8BC9CEB8-8B4A-11D0-8D11-00A0C91BC942}") = "AMD_Proc_Mem_Feat_AMP", "..\..\Proc\Mem\Feat\AMP\AMD_Proc_Mem_Feat_AMP.vcproj", "{D1BE204C-22C1-4BCC-A38E-56836E39D41C}"
EndProject
Project("{8BC9CEB8-8B4A-11D0-8D11-00A0C91BC942}") = "AMD_Proc_Mem_Feat_CHINTLV", "..\..\Proc\Mem\Feat\CHINTLV\AMD_Proc_Mem_Feat_CHINTLV.vcproj", "{9F986DAF-53F2-4BD0-AB94-C86FEDF54670}"
EndProject
Project("{8BC9CEB8-8B4A-11D0-8D11-00A0C91BC942}") = "AMD_Proc_Mem_Feat_CRAT", "..\..\Proc\Mem\Feat\CRAT\AMD_Proc_Mem_Feat_CRAT.vcproj", "{8321F7F5-BDC6-4297-9381-9F9A883A999A}"
EndProject
Project("{8BC9CEB8-8B4A-11D0-8D11-00A0C91BC942}") = "AMD_Proc_Mem_Feat_CSINTLV", "..\..\Proc\Mem\Feat\CSINTLV\AMD_Proc_Mem_Feat_CSINTLV.vcproj", "{D0462163-A3AB-4494-8747-7262B87B1462}"
EndProject
Project("{8BC9CEB8-8B4A-11D0-8D11-00A0C91BC942}") = "AMD_Proc_Mem_Feat_DATAEYE", "..\..\Proc\Mem\Feat\DATAEYE\AMD_Proc_Mem_Feat_DATAEYE.vcproj", "{C076505F-2577-4100-8170-DAF996A17760}"
EndProject
Project("{8BC9CEB8-8B4A-11D0-8D11-00A0C91BC942}") = "AMD_Proc_Mem_Feat_DMI", "..\..\Proc\Mem\Feat\DMI\AMD_Proc_Mem_Feat_DMI.vcproj", "{250C2CC7-FF10-40FC-9074-66E6E33F5388}"
EndProject
Project("{8BC9CEB8-8B4A-11D0-8D11-00A0C91BC942}") = "AMD_Proc_Mem_Feat_ECC", "..\..\Proc\Mem\Feat\ECC\AMD_Proc_Mem_Feat_ECC.vcproj", "{3390DBBD-E08E-451B-971F-11EB0D6DA90F}"
EndProject
Project("{8BC9CEB8-8B4A-11D0-8D11-00A0C91BC942}") = "AMD_Proc_Mem_Feat_EXCLUDIMM", "..\..\Proc\Mem\Feat\EXCLUDIMM\AMD_Proc_Mem_Feat_EXCLUDIMM.vcproj", "{79AFA24E-65E1-4674-8058-040C9CE9E0CA}"
EndProject
Project("{8BC9CEB8-8B4A-11D0-8D11-00A0C91BC942}") = "AMD_Proc_Mem_Feat_IDENDIMM", "..\..\Proc\Mem\Feat\IDENDIMM\AMD_Proc_Mem_Feat_IDENDIMM.vcproj", "{8098E6A7-F1FC-4F1C-93A5-57BBBA099457}"
EndProject
Project("{8BC9CEB8-8B4A-11D0-8D11-00A0C91BC942}") = "AMD_Proc_Mem_Feat_INTLVRN", "..\..\Proc\Mem\Feat\INTLVRN\AMD_Proc_Mem_Feat_INTLVRN.vcproj", "{D4F0422D-B245-4C2D-A181-2D56F9AA5E48}"
EndProject
Project("{8BC9CEB8-8B4A-11D0-8D11-00A0C91BC942}") = "AMD_Proc_Mem_Feat_LVDDR3", "..\..\Proc\Mem\Feat\LVDDR3\AMD_Proc_Mem_Feat_LVDDR3.vcproj", "{231F1F1A-4D29-4626-849E-354BFC518956}"
EndProject
Project("{8BC9CEB8-8B4A-11D0-8D11-00A0C91BC942}") = "AMD_Proc_Mem_Feat_MEMCLR", "..\..\Proc\Mem\Feat\MEMCLR\AMD_Proc_Mem_Feat_MEMCLR.vcproj", "{0D20D9B4-CAFC-4F6C-BEDE-6E2BD16129C4}"
EndProject
Project("{8BC9CEB8-8B4A-11D0-8D11-00A0C91BC942}") = "AMD_Proc_Mem_Feat_ODTHERMAL", "..\..\Proc\Mem\Feat\ODTHERMAL\AMD_Proc_Mem_Feat_ODTHERMAL.vcproj", "{DCBE0317-5449-47C0-A8A2-2E5DA9D8262A}"
EndProject
Project("{8BC9CEB8-8B4A-11D0-8D11-00A0C91BC942}") = "AMD_Proc_Mem_Feat_PARTRN", "..\..\Proc\Mem\Feat\PARTRN\AMD_Proc_Mem_Feat_PARTRN.vcproj", "{B0F782BB-C99F-44DB-9AA5-0FD165E2FC4C}"
EndProject
Project("{8BC9CEB8-8B4A-11D0-8D11-00A0C91BC942}") = "AMD_Proc_Mem_Feat_S3", "..\..\Proc\Mem\Feat\S3\AMD_Proc_Mem_Feat_S3.vcproj", "{DF01A219-8C86-4A2A-88D3-2BC494DC2BC7}"
EndProject
Project("{8BC9CEB8-8B4A-11D0-8D11-00A0C91BC942}") = "AMD_Proc_Mem_Feat_TABLE", "..\..\Proc\Mem\Feat\TABLE\AMD_Proc_Mem_Feat_TABLE.vcproj", "{9ED5E0EC-274B-4953-B8B9-078EF6E0346E}"
EndProject
Project("{8BC9CEB8-8B4A-11D0-8D11-00A0C91BC942}") = "AMD_Proc_Mem_Main", "..\..\Proc\Mem\Main\AMD_Proc_Mem_Main.vcproj", "{834E0C73-25EA-4F87-9901-0303EDAA7D29}"
EndProject
Project("{8BC9CEB8-8B4A-11D0-8D11-00A0C91BC942}") = "AMD_Proc_Mem_Main_KV", "..\..\Proc\Mem\Main\KV\AMD_Proc_Mem_Main_KV.vcproj", "{9C6C593E-BBFB-461B-AB61-0272080350B0}"
EndProject
Project("{8BC9CEB8-8B4A-11D0-8D11-00A0C91BC942}") = "AMD_Proc_Mem_NB", "..\..\Proc\Mem\NB\AMD_Proc_Mem_NB.vcproj", "{3ED12129-6A5C-4FBD-9C21-1660CC441CBC}"
EndProject
Project("{8BC9CEB8-8B4A-11D0-8D11-00A0C91BC942}") = "AMD_Proc_Mem_NB_KV", "..\..\Proc\Mem\NB\KV\AMD_Proc_Mem_NB_KV.vcproj", "{7972D3BE-84CA-4DD3-9391-3829F3E3F13F}"
EndProject
Project("{8BC9CEB8-8B4A-11D0-8D11-00A0C91BC942}") = "AMD_Proc_Mem_Ps", "..\..\Proc\Mem\Ps\AMD_Proc_Mem_Ps.vcproj", "{3FB0EA96-E88F-4E4E-AADA-B7F470102BA9}"
EndProject
Project("{8BC9CEB8-8B4A-11D0-8D11-00A0C91BC942}") = "AMD_Proc_Mem_Ps_KV", "..\..\Proc\Mem\Ps\KV\AMD_Proc_Mem_Ps_KV.vcproj", "{431C1220-1EC5-4343-832F-AAAFD7E9D795}"
EndProject
Project("{8BC9CEB8-8B4A-11D0-8D11-00A0C91BC942}") = "AMD_Proc_Mem_Ps_KV_FP3", "..\..\Proc\Mem\Ps\KV\FP3\AMD_Proc_Mem_Ps_KV_FP3.vcproj", "{699E71D9-7DDE-4DB7-839A-6C2171717415}"
EndProject
Project("{8BC9CEB8-8B4A-11D0-8D11-00A0C91BC942}") = "AMD_Proc_Mem_Tech", "..\..\Proc\Mem\Tech\AMD_Proc_Mem_Tech.vcproj", "{4D3E9033-815A-4680-9EE6-F9571164110E}"
EndProject
Project("{8BC9CEB8-8B4A-11D0-8D11-00A0C91BC942}") = "AMD_Proc_Mem_Tech_DDR3", "..\..\Proc\Mem\Tech\DDR3\AMD_Proc_Mem_Tech_DDR3.vcproj", "{B69B30C8-1032-4BB6-ACBB-4945B34C3B53}"
EndProject
Project("{8BC9CEB8-8B4A-11D0-8D11-00A0C91BC942}") = "AMD_Proc_Topology", "..\..\Proc\Topology\AMD_Proc_Topology.vcproj", "{0FD72382-6325-4219-B842-F193CBC470FC}"
EndProject
Project("{8BC9CEB8-8B4A-11D0-8D11-00A0C91BC942}") = "AMD_Proc_Topology_Fam15", "..\..\Proc\Topology\Fam15\AMD_Proc_Topology_Fam15.vcproj", "{C60F7F48-3584-45F7-B4C9-DA37C46CBBF6}"
EndProject
Global
	GlobalSection(SolutionConfigurationPlatforms) = preSolution
		Debug|Win32 = Debug|Win32
		Release|Win32 = Release|Win32
	EndGlobalSection
	GlobalSection(ProjectConfigurationPlatforms) = postSolution
		{ECF17987-2834-4BA4-B910-74EF07C19C0C}.Debug|Win32.ActiveCfg = Debug|Win32
		{ECF17987-2834-4BA4-B910-74EF07C19C0C}.Debug|Win32.Build.0 = Debug|Win32
		{ECF17987-2834-4BA4-B910-74EF07C19C0C}.Release|Win32.ActiveCfg = Release|Win32
		{ECF17987-2834-4BA4-B910-74EF07C19C0C}.Release|Win32.Build.0 = Release|Win32
		{F43024F0-B343-4560-96ED-40312E418911}.Debug|Win32.ActiveCfg = Debug|Win32
		{F43024F0-B343-4560-96ED-40312E418911}.Debug|Win32.Build.0 = Debug|Win32
		{F43024F0-B343-4560-96ED-40312E418911}.Release|Win32.ActiveCfg = Release|Win32
		{F43024F0-B343-4560-96ED-40312E418911}.Release|Win32.Build.0 = Release|Win32
		{D8B94913-A4FD-4AFD-BF70-B96AB3B09E6A}.Debug|Win32.ActiveCfg = Debug|Win32
		{D8B94913-A4FD-4AFD-BF70-B96AB3B09E6A}.Debug|Win32.Build.0 = Debug|Win32
		{D8B94913-A4FD-4AFD-BF70-B96AB3B09E6A}.Release|Win32.ActiveCfg = Release|Win32
		{D8B94913-A4FD-4AFD-BF70-B96AB3B09E6A}.Release|Win32.Build.0 = Release|Win32
		{4FE1AEC9-E023-4985-B31B-A98A65189A96}.Debug|Win32.ActiveCfg = Debug|Win32
		{4FE1AEC9-E023-4985-B31B-A98A65189A96}.Debug|Win32.Build.0 = Debug|Win32
		{4FE1AEC9-E023-4985-B31B-A98A65189A96}.Release|Win32.ActiveCfg = Release|Win32
		{4FE1AEC9-E023-4985-B31B-A98A65189A96}.Release|Win32.Build.0 = Release|Win32
		{321389F2-D8C9-4C9F-B22B-33A8D23B495B}.Debug|Win32.ActiveCfg = Debug|Win32
		{321389F2-D8C9-4C9F-B22B-33A8D23B495B}.Debug|Win32.Build.0 = Debug|Win32
		{321389F2-D8C9-4C9F-B22B-33A8D23B495B}.Release|Win32.ActiveCfg = Release|Win32
		{321389F2-D8C9-4C9F-B22B-33A8D23B495B}.Release|Win32.Build.0 = Release|Win32
		{F1B6DE43-4D72-4368-90E9-CB10F8FFEE21}.Debug|Win32.ActiveCfg = Debug|Win32
		{F1B6DE43-4D72-4368-90E9-CB10F8FFEE21}.Debug|Win32.Build.0 = Debug|Win32
		{F1B6DE43-4D72-4368-90E9-CB10F8FFEE21}.Release|Win32.ActiveCfg = Release|Win32
		{F1B6DE43-4D72-4368-90E9-CB10F8FFEE21}.Release|Win32.Build.0 = Release|Win32
		{48C5EC54-3891-4449-BBB0-80902E403C8F}.Debug|Win32.ActiveCfg = Debug|Win32
		{48C5EC54-3891-4449-BBB0-80902E403C8F}.Debug|Win32.Build.0 = Debug|Win32
		{48C5EC54-3891-4449-BBB0-80902E403C8F}.Release|Win32.ActiveCfg = Release|Win32
		{48C5EC54-3891-4449-BBB0-80902E403C8F}.Release|Win32.Build.0 = Release|Win32
		{44973602-D8C0-4CCF-BBD5-153369F10DDB}.Debug|Win32.ActiveCfg = Debug|Win32
		{44973602-D8C0-4CCF-BBD5-153369F10DDB}.Debug|Win32.Build.0 = Debug|Win32
		{44973602-D8C0-4CCF-BBD5-153369F10DDB}.Release|Win32.ActiveCfg = Release|Win32
		{44973602-D8C0-4CCF-BBD5-153369F10DDB}.Release|Win32.Build.0 = Release|Win32
		{9E3BAAF6-77E2-4825-9960-99B4BFC566F5}.Debug|Win32.ActiveCfg = Debug|Win32
		{9E3BAAF6-77E2-4825-9960-99B4BFC566F5}.Debug|Win32.Build.0 = Debug|Win32
		{9E3BAAF6-77E2-4825-9960-99B4BFC566F5}.Release|Win32.ActiveCfg = Release|Win32
		{9E3BAAF6-77E2-4825-9960-99B4BFC566F5}.Release|Win32.Build.0 = Release|Win32
		{3DE96E82-A401-4E5C-94CB-5ED2CEC3D517}.Debug|Win32.ActiveCfg = Debug|Win32
		{3DE96E82-A401-4E5C-94CB-5ED2CEC3D517}.Debug|Win32.Build.0 = Debug|Win32
		{3DE96E82-A401-4E5C-94CB-5ED2CEC3D517}.Release|Win32.ActiveCfg = Release|Win32
		{3DE96E82-A401-4E5C-94CB-5ED2CEC3D517}.Release|Win32.Build.0 = Release|Win32
		{EC466D3C-B478-46CE-8AFF-25D28E2690F3}.Debug|Win32.ActiveCfg = Debug|Win32
		{EC466D3C-B478-46CE-8AFF-25D28E2690F3}.Debug|Win32.Build.0 = Debug|Win32
		{EC466D3C-B478-46CE-8AFF-25D28E2690F3}.Release|Win32.ActiveCfg = Release|Win32
		{EC466D3C-B478-46CE-8AFF-25D28E2690F3}.Release|Win32.Build.0 = Release|Win32
		{168FD994-550A-4B6B-9E6B-2BC83848FE20}.Debug|Win32.ActiveCfg = Debug|Win32
		{168FD994-550A-4B6B-9E6B-2BC83848FE20}.Debug|Win32.Build.0 = Debug|Win32
		{168FD994-550A-4B6B-9E6B-2BC83848FE20}.Release|Win32.ActiveCfg = Release|Win32
		{168FD994-550A-4B6B-9E6B-2BC83848FE20}.Release|Win32.Build.0 = Release|Win32
		{A169DA97-F034-4828-AD0F-068576418A7F}.Debug|Win32.ActiveCfg = Debug|Win32
		{A169DA97-F034-4828-AD0F-068576418A7F}.Debug|Win32.Build.0 = Debug|Win32
		{A169DA97-F034-4828-AD0F-068576418A7F}.Release|Win32.ActiveCfg = Release|Win32
		{A169DA97-F034-4828-AD0F-068576418A7F}.Release|Win32.Build.0 = Release|Win32
		{829EA9A3-DF26-4B90-BE7E-96AB9F60D802}.Debug|Win32.ActiveCfg = Debug|Win32
		{829EA9A3-DF26-4B90-BE7E-96AB9F60D802}.Debug|Win32.Build.0 = Debug|Win32
		{829EA9A3-DF26-4B90-BE7E-96AB9F60D802}.Release|Win32.ActiveCfg = Release|Win32
		{829EA9A3-DF26-4B90-BE7E-96AB9F60D802}.Release|Win32.Build.0 = Release|Win32
		{7BE194F4-3BD2-4047-B74C-130D753A188C}.Debug|Win32.ActiveCfg = Debug|Win32
		{7BE194F4-3BD2-4047-B74C-130D753A188C}.Debug|Win32.Build.0 = Debug|Win32
		{7BE194F4-3BD2-4047-B74C-130D753A188C}.Release|Win32.ActiveCfg = Release|Win32
		{7BE194F4-3BD2-4047-B74C-130D753A188C}.Release|Win32.Build.0 = Release|Win32
		{1AB9075A-1CA0-4006-8A87-61548C06D978}.Debug|Win32.ActiveCfg = Debug|Win32
		{1AB9075A-1CA0-4006-8A87-61548C06D978}.Debug|Win32.Build.0 = Debug|Win32
		{1AB9075A-1CA0-4006-8A87-61548C06D978}.Release|Win32.ActiveCfg = Release|Win32
		{1AB9075A-1CA0-4006-8A87-61548C06D978}.Release|Win32.Build.0 = Release|Win32
		{5BD1A26B-B151-42D3-9291-0792570850FB}.Debug|Win32.ActiveCfg = Debug|Win32
		{5BD1A26B-B151-42D3-9291-0792570850FB}.Debug|Win32.Build.0 = Debug|Win32
		{5BD1A26B-B151-42D3-9291-0792570850FB}.Release|Win32.ActiveCfg = Release|Win32
		{5BD1A26B-B151-42D3-9291-0792570850FB}.Release|Win32.Build.0 = Release|Win32
		{580FA046-115E-4800-B83F-1B05E670369F}.Debug|Win32.ActiveCfg = Debug|Win32
		{580FA046-115E-4800-B83F-1B05E670369F}.Debug|Win32.Build.0 = Debug|Win32
		{580FA046-115E-4800-B83F-1B05E670369F}.Release|Win32.ActiveCfg = Release|Win32
		{580FA046-115E-4800-B83F-1B05E670369F}.Release|Win32.Build.0 = Release|Win32
		{E16864E0-1C04-4B2E-B8FE-D8237915C6E5}.Debug|Win32.ActiveCfg = Debug|Win32
		{E16864E0-1C04-4B2E-B8FE-D8237915C6E5}.Debug|Win32.Build.0 = Debug|Win32
		{E16864E0-1C04-4B2E-B8FE-D8237915C6E5}.Release|Win32.ActiveCfg = Release|Win32
		{E16864E0-1C04-4B2E-B8FE-D8237915C6E5}.Release|Win32.Build.0 = Release|Win32
		{00BDC586-DCFD-4673-806F-770FB4B02296}.Debug|Win32.ActiveCfg = Debug|Win32
		{00BDC586-DCFD-4673-806F-770FB4B02296}.Debug|Win32.Build.0 = Debug|Win32
		{00BDC586-DCFD-4673-806F-770FB4B02296}.Release|Win32.ActiveCfg = Release|Win32
		{00BDC586-DCFD-4673-806F-770FB4B02296}.Release|Win32.Build.0 = Release|Win32
		{72F3A3CC-280F-4B93-871E-652FBEE5E469}.Debug|Win32.ActiveCfg = Debug|Win32
		{72F3A3CC-280F-4B93-871E-652FBEE5E469}.Debug|Win32.Build.0 = Debug|Win32
		{72F3A3CC-280F-4B93-871E-652FBEE5E469}.Release|Win32.ActiveCfg = Release|Win32
		{72F3A3CC-280F-4B93-871E-652FBEE5E469}.Release|Win32.Build.0 = Release|Win32
		{AC9E7F42-4F8E-4922-915A-5893389C6FFF}.Debug|Win32.ActiveCfg = Debug|Win32
		{AC9E7F42-4F8E-4922-915A-5893389C6FFF}.Debug|Win32.Build.0 = Debug|Win32
		{AC9E7F42-4F8E-4922-915A-5893389C6FFF}.Release|Win32.ActiveCfg = Release|Win32
		{AC9E7F42-4F8E-4922-915A-5893389C6FFF}.Release|Win32.Build.0 = Release|Win32
		{D551C42E-DD91-4FF3-BE0F-1AD0E2891EC9}.Debug|Win32.ActiveCfg = Debug|Win32
		{D551C42E-DD91-4FF3-BE0F-1AD0E2891EC9}.Debug|Win32.Build.0 = Debug|Win32
		{D551C42E-DD91-4FF3-BE0F-1AD0E2891EC9}.Release|Win32.ActiveCfg = Release|Win32
		{D551C42E-DD91-4FF3-BE0F-1AD0E2891EC9}.Release|Win32.Build.0 = Release|Win32
		{FE19C9E2-9CB5-4967-AAA8-2B97E7A0AC7F}.Debug|Win32.ActiveCfg = Debug|Win32
		{FE19C9E2-9CB5-4967-AAA8-2B97E7A0AC7F}.Debug|Win32.Build.0 = Debug|Win32
		{FE19C9E2-9CB5-4967-AAA8-2B97E7A0AC7F}.Release|Win32.ActiveCfg = Release|Win32
		{FE19C9E2-9CB5-4967-AAA8-2B97E7A0AC7F}.Release|Win32.Build.0 = Release|Win32
		{5688F64F-E2D8-4FD2-B6CB-0E54EAE9BC82}.Debug|Win32.ActiveCfg = Debug|Win32
		{5688F64F-E2D8-4FD2-B6CB-0E54EAE9BC82}.Debug|Win32.Build.0 = Debug|Win32
		{5688F64F-E2D8-4FD2-B6CB-0E54EAE9BC82}.Release|Win32.ActiveCfg = Release|Win32
		{5688F64F-E2D8-4FD2-B6CB-0E54EAE9BC82}.Release|Win32.Build.0 = Release|Win32
		{41203224-B8FC-4DD6-83CA-849A620DFA86}.Debug|Win32.ActiveCfg = Debug|Win32
		{41203224-B8FC-4DD6-83CA-849A620DFA86}.Debug|Win32.Build.0 = Debug|Win32
		{41203224-B8FC-4DD6-83CA-849A620DFA86}.Release|Win32.ActiveCfg = Release|Win32
		{41203224-B8FC-4DD6-83CA-849A620DFA86}.Release|Win32.Build.0 = Release|Win32
		{9C26249B-7641-4F7E-B45D-2A533A214595}.Debug|Win32.ActiveCfg = Debug|Win32
		{9C26249B-7641-4F7E-B45D-2A533A214595}.Debug|Win32.Build.0 = Debug|Win32
		{9C26249B-7641-4F7E-B45D-2A533A214595}.Release|Win32.ActiveCfg = Release|Win32
		{9C26249B-7641-4F7E-B45D-2A533A214595}.Release|Win32.Build.0 = Release|Win32
		{8F23BB21-7D5C-487D-BB25-97868AACCE53}.Debug|Win32.ActiveCfg = Debug|Win32
		{8F23BB21-7D5C-487D-BB25-97868AACCE53}.Debug|Win32.Build.0 = Debug|Win32
		{8F23BB21-7D5C-487D-BB25-97868AACCE53}.Release|Win32.ActiveCfg = Release|Win32
		{8F23BB21-7D5C-487D-BB25-97868AACCE53}.Release|Win32.Build.0 = Release|Win32
		{4D035920-0A1B-463A-A785-C5D2A0A20BAC}.Debug|Win32.ActiveCfg = Debug|Win32
		{4D035920-0A1B-463A-A785-C5D2A0A20BAC}.Debug|Win32.Build.0 = Debug|Win32
		{4D035920-0A1B-463A-A785-C5D2A0A20BAC}.Release|Win32.ActiveCfg = Release|Win32
		{4D035920-0A1B-463A-A785-C5D2A0A20BAC}.Release|Win32.Build.0 = Release|Win32
		{B0C371A9-A1DD-4C47-AE27-72A5D4486839}.Debug|Win32.ActiveCfg = Debug|Win32
		{B0C371A9-A1DD-4C47-AE27-72A5D4486839}.Debug|Win32.Build.0 = Debug|Win32
		{B0C371A9-A1DD-4C47-AE27-72A5D4486839}.Release|Win32.ActiveCfg = Release|Win32
		{B0C371A9-A1DD-4C47-AE27-72A5D4486839}.Release|Win32.Build.0 = Release|Win32
		{A477E88E-9E0A-4351-BE7B-7F0B2EA8108C}.Debug|Win32.ActiveCfg = Debug|Win32
		{A477E88E-9E0A-4351-BE7B-7F0B2EA8108C}.Debug|Win32.Build.0 = Debug|Win32
		{A477E88E-9E0A-4351-BE7B-7F0B2EA8108C}.Release|Win32.ActiveCfg = Release|Win32
		{A477E88E-9E0A-4351-BE7B-7F0B2EA8108C}.Release|Win32.Build.0 = Release|Win32
		{70842FF0-9D4E-4188-A7A3-69F1E5B253AE}.Debug|Win32.ActiveCfg = Debug|Win32
		{70842FF0-9D4E-4188-A7A3-69F1E5B253AE}.Debug|Win32.Build.0 = Debug|Win32
		{70842FF0-9D4E-4188-A7A3-69F1E5B253AE}.Release|Win32.ActiveCfg = Release|Win32
		{70842FF0-9D4E-4188-A7A3-69F1E5B253AE}.Release|Win32.Build.0 = Release|Win32
		{CE2094F3-A6FB-40FC-9D77-EBB3A4B088BA}.Debug|Win32.ActiveCfg = Debug|Win32
		{CE2094F3-A6FB-40FC-9D77-EBB3A4B088BA}.Debug|Win32.Build.0 = Debug|Win32
		{CE2094F3-A6FB-40FC-9D77-EBB3A4B088BA}.Release|Win32.ActiveCfg = Release|Win32
		{CE2094F3-A6FB-40FC-9D77-EBB3A4B088BA}.Release|Win32.Build.0 = Release|Win32
		{BAF27821-6010-4D01-B37B-F4D612919819}.Debug|Win32.ActiveCfg = Debug|Win32
		{BAF27821-6010-4D01-B37B-F4D612919819}.Debug|Win32.Build.0 = Debug|Win32
		{BAF27821-6010-4D01-B37B-F4D612919819}.Release|Win32.ActiveCfg = Release|Win32
		{BAF27821-6010-4D01-B37B-F4D612919819}.Release|Win32.Build.0 = Release|Win32
		{580FF810-CD14-4D27-AABA-5BAB1371B03A}.Debug|Win32.ActiveCfg = Debug|Win32
		{580FF810-CD14-4D27-AABA-5BAB1371B03A}.Debug|Win32.Build.0 = Debug|Win32
		{580FF810-CD14-4D27-AABA-5BAB1371B03A}.Release|Win32.ActiveCfg = Release|Win32
		{580FF810-CD14-4D27-AABA-5BAB1371B03A}.Release|Win32.Build.0 = Release|Win32
		{68C5C79D-6299-4BA7-8AD1-9D1B46AC20AB}.Debug|Win32.ActiveCfg = Debug|Win32
		{68C5C79D-6299-4BA7-8AD1-9D1B46AC20AB}.Debug|Win32.Build.0 = Debug|Win32
		{68C5C79D-6299-4BA7-8AD1-9D1B46AC20AB}.Release|Win32.ActiveCfg = Release|Win32
		{68C5C79D-6299-4BA7-8AD1-9D1B46AC20AB}.Release|Win32.Build.0 = Release|Win32
		{F1A7741B-9F16-4956-9D9F-D184DBCAFFE5}.Debug|Win32.ActiveCfg = Debug|Win32
		{F1A7741B-9F16-4956-9D9F-D184DBCAFFE5}.Debug|Win32.Build.0 = Debug|Win32
		{F1A7741B-9F16-4956-9D9F-D184DBCAFFE5}.Release|Win32.ActiveCfg = Release|Win32
		{F1A7741B-9F16-4956-9D9F-D184DBCAFFE5}.Release|Win32.Build.0 = Release|Win32
		{A8E349B7-CEED-4986-B8F1-A28E2B6DF466}.Debug|Win32.ActiveCfg = Debug|Win32
		{A8E349B7-CEED-4986-B8F1-A28E2B6DF466}.Debug|Win32.Build.0 = Debug|Win32
		{A8E349B7-CEED-4986-B8F1-A28E2B6DF466}.Release|Win32.ActiveCfg = Release|Win32
		{A8E349B7-CEED-4986-B8F1-A28E2B6DF466}.Release|Win32.Build.0 = Release|Win32
		{319E0438-A27B-4706-80EA-B0366F08DBB9}.Debug|Win32.ActiveCfg = Debug|Win32
		{319E0438-A27B-4706-80EA-B0366F08DBB9}.Debug|Win32.Build.0 = Debug|Win32
		{319E0438-A27B-4706-80EA-B0366F08DBB9}.Release|Win32.ActiveCfg = Release|Win32
		{319E0438-A27B-4706-80EA-B0366F08DBB9}.Release|Win32.Build.0 = Release|Win32
		{9D08A1AB-0A1F-4D0B-B287-5641E20870CA}.Debug|Win32.ActiveCfg = Debug|Win32
		{9D08A1AB-0A1F-4D0B-B287-5641E20870CA}.Debug|Win32.Build.0 = Debug|Win32
		{9D08A1AB-0A1F-4D0B-B287-5641E20870CA}.Release|Win32.ActiveCfg = Release|Win32
		{9D08A1AB-0A1F-4D0B-B287-5641E20870CA}.Release|Win32.Build.0 = Release|Win32
		{70498F07-62CA-4D3B-BC14-77645B2AD892}.Debug|Win32.ActiveCfg = Debug|Win32
		{70498F07-62CA-4D3B-BC14-77645B2AD892}.Debug|Win32.Build.0 = Debug|Win32
		{70498F07-62CA-4D3B-BC14-77645B2AD892}.Release|Win32.ActiveCfg = Release|Win32
		{70498F07-62CA-4D3B-BC14-77645B2AD892}.Release|Win32.Build.0 = Release|Win32
		{AD71E41D-E27A-4B2A-852B-3258BCA7476C}.Debug|Win32.ActiveCfg = Debug|Win32
		{AD71E41D-E27A-4B2A-852B-3258BCA7476C}.Debug|Win32.Build.0 = Debug|Win32
		{AD71E41D-E27A-4B2A-852B-3258BCA7476C}.Release|Win32.ActiveCfg = Release|Win32
		{AD71E41D-E27A-4B2A-852B-3258BCA7476C}.Release|Win32.Build.0 = Release|Win32
		{18E34D26-6DE6-4399-B150-DDB3F0B938B6}.Debug|Win32.ActiveCfg = Debug|Win32
		{18E34D26-6DE6-4399-B150-DDB3F0B938B6}.Debug|Win32.Build.0 = Debug|Win32
		{18E34D26-6DE6-4399-B150-DDB3F0B938B6}.Release|Win32.ActiveCfg = Release|Win32
		{18E34D26-6DE6-4399-B150-DDB3F0B938B6}.Release|Win32.Build.0 = Release|Win32
		{96B602B1-2D40-4799-BB81-13CDADCD5A16}.Debug|Win32.ActiveCfg = Debug|Win32
		{96B602B1-2D40-4799-BB81-13CDADCD5A16}.Debug|Win32.Build.0 = Debug|Win32
		{96B602B1-2D40-4799-BB81-13CDADCD5A16}.Release|Win32.ActiveCfg = Release|Win32
		{96B602B1-2D40-4799-BB81-13CDADCD5A16}.Release|Win32.Build.0 = Release|Win32
		{955F630C-E492-42E0-9B44-57731164AAB5}.Debug|Win32.ActiveCfg = Debug|Win32
		{955F630C-E492-42E0-9B44-57731164AAB5}.Debug|Win32.Build.0 = Debug|Win32
		{955F630C-E492-42E0-9B44-57731164AAB5}.Release|Win32.ActiveCfg = Release|Win32
		{955F630C-E492-42E0-9B44-57731164AAB5}.Release|Win32.Build.0 = Release|Win32
		{10544995-C584-4C4A-A2D3-B05C03EE003C}.Debug|Win32.ActiveCfg = Debug|Win32
		{10544995-C584-4C4A-A2D3-B05C03EE003C}.Debug|Win32.Build.0 = Debug|Win32
		{10544995-C584-4C4A-A2D3-B05C03EE003C}.Release|Win32.ActiveCfg = Release|Win32
		{10544995-C584-4C4A-A2D3-B05C03EE003C}.Release|Win32.Build.0 = Release|Win32
		{92C55F81-A2F5-4013-95AE-158A004E06F4}.Debug|Win32.ActiveCfg = Debug|Win32
		{92C55F81-A2F5-4013-95AE-158A004E06F4}.Debug|Win32.Build.0 = Debug|Win32
		{92C55F81-A2F5-4013-95AE-158A004E06F4}.Release|Win32.ActiveCfg = Release|Win32
		{92C55F81-A2F5-4013-95AE-158A004E06F4}.Release|Win32.Build.0 = Release|Win32
		{C229EBF3-6BC4-4329-8DF2-93682BA9F6A2}.Debug|Win32.ActiveCfg = Debug|Win32
		{C229EBF3-6BC4-4329-8DF2-93682BA9F6A2}.Debug|Win32.Build.0 = Debug|Win32
		{C229EBF3-6BC4-4329-8DF2-93682BA9F6A2}.Release|Win32.ActiveCfg = Release|Win32
		{C229EBF3-6BC4-4329-8DF2-93682BA9F6A2}.Release|Win32.Build.0 = Release|Win32
		{E4F57EF9-3D4F-4EC0-99D0-CD84268BEC0C}.Debug|Win32.ActiveCfg = Debug|Win32
		{E4F57EF9-3D4F-4EC0-99D0-CD84268BEC0C}.Debug|Win32.Build.0 = Debug|Win32
		{E4F57EF9-3D4F-4EC0-99D0-CD84268BEC0C}.Release|Win32.ActiveCfg = Release|Win32
		{E4F57EF9-3D4F-4EC0-99D0-CD84268BEC0C}.Release|Win32.Build.0 = Release|Win32
		{78F461DF-DA4E-4001-8C9A-AF22E03E4AD3}.Debug|Win32.ActiveCfg = Debug|Win32
		{78F461DF-DA4E-4001-8C9A-AF22E03E4AD3}.Debug|Win32.Build.0 = Debug|Win32
		{78F461DF-DA4E-4001-8C9A-AF22E03E4AD3}.Release|Win32.ActiveCfg = Release|Win32
		{78F461DF-DA4E-4001-8C9A-AF22E03E4AD3}.Release|Win32.Build.0 = Release|Win32
		{3FE4FB7D-AE24-43D3-8610-4CE48995CC52}.Debug|Win32.ActiveCfg = Debug|Win32
		{3FE4FB7D-AE24-43D3-8610-4CE48995CC52}.Debug|Win32.Build.0 = Debug|Win32
		{3FE4FB7D-AE24-43D3-8610-4CE48995CC52}.Release|Win32.ActiveCfg = Release|Win32
		{3FE4FB7D-AE24-43D3-8610-4CE48995CC52}.Release|Win32.Build.0 = Release|Win32
		{3145496C-7918-47D8-B3EA-80CA638AD5E8}.Debug|Win32.ActiveCfg = Debug|Win32
		{3145496C-7918-47D8-B3EA-80CA638AD5E8}.Debug|Win32.Build.0 = Debug|Win32
		{3145496C-7918-47D8-B3EA-80CA638AD5E8}.Release|Win32.ActiveCfg = Release|Win32
		{3145496C-7918-47D8-B3EA-80CA638AD5E8}.Release|Win32.Build.0 = Release|Win32
		{3B3F2DDF-1EFD-4C4A-B309-39F53B7E2211}.Debug|Win32.ActiveCfg = Debug|Win32
		{3B3F2DDF-1EFD-4C4A-B309-39F53B7E2211}.Debug|Win32.Build.0 = Debug|Win32
		{3B3F2DDF-1EFD-4C4A-B309-39F53B7E2211}.Release|Win32.ActiveCfg = Release|Win32
		{3B3F2DDF-1EFD-4C4A-B309-39F53B7E2211}.Release|Win32.Build.0 = Release|Win32
		{2B9DDE11-76F9-4773-A3CC-111FF748BAF5}.Debug|Win32.ActiveCfg = Debug|Win32
		{2B9DDE11-76F9-4773-A3CC-111FF748BAF5}.Debug|Win32.Build.0 = Debug|Win32
		{2B9DDE11-76F9-4773-A3CC-111FF748BAF5}.Release|Win32.ActiveCfg = Release|Win32
		{2B9DDE11-76F9-4773-A3CC-111FF748BAF5}.Release|Win32.Build.0 = Release|Win32
		{2B6736E2-1EAF-4969-A0B3-43FBD8C80184}.Debug|Win32.ActiveCfg = Debug|Win32
		{2B6736E2-1EAF-4969-A0B3-43FBD8C80184}.Debug|Win32.Build.0 = Debug|Win32
		{2B6736E2-1EAF-4969-A0B3-43FBD8C80184}.Release|Win32.ActiveCfg = Release|Win32
		{2B6736E2-1EAF-4969-A0B3-43FBD8C80184}.Release|Win32.Build.0 = Release|Win32
		{A3992395-4B8A-4DF4-9EB1-FF18D79E5615}.Debug|Win32.ActiveCfg = Debug|Win32
		{A3992395-4B8A-4DF4-9EB1-FF18D79E5615}.Debug|Win32.Build.0 = Debug|Win32
		{A3992395-4B8A-4DF4-9EB1-FF18D79E5615}.Release|Win32.ActiveCfg = Release|Win32
		{A3992395-4B8A-4DF4-9EB1-FF18D79E5615}.Release|Win32.Build.0 = Release|Win32
		{1E93389A-32D8-483A-BDDE-A7FC15C5DE0E}.Debug|Win32.ActiveCfg = Debug|Win32
		{1E93389A-32D8-483A-BDDE-A7FC15C5DE0E}.Debug|Win32.Build.0 = Debug|Win32
		{1E93389A-32D8-483A-BDDE-A7FC15C5DE0E}.Release|Win32.ActiveCfg = Release|Win32
		{1E93389A-32D8-483A-BDDE-A7FC15C5DE0E}.Release|Win32.Build.0 = Release|Win32
		{C3EE2D73-2677-4706-835D-9EF45BC50D38}.Debug|Win32.ActiveCfg = Debug|Win32
		{C3EE2D73-2677-4706-835D-9EF45BC50D38}.Debug|Win32.Build.0 = Debug|Win32
		{C3EE2D73-2677-4706-835D-9EF45BC50D38}.Release|Win32.ActiveCfg = Release|Win32
		{C3EE2D73-2677-4706-835D-9EF45BC50D38}.Release|Win32.Build.0 = Release|Win32
		{30638E07-A94B-4BD2-9416-69ABF2782409}.Debug|Win32.ActiveCfg = Debug|Win32
		{30638E07-A94B-4BD2-9416-69ABF2782409}.Debug|Win32.Build.0 = Debug|Win32
		{30638E07-A94B-4BD2-9416-69ABF2782409}.Release|Win32.ActiveCfg = Release|Win32
		{30638E07-A94B-4BD2-9416-69ABF2782409}.Release|Win32.Build.0 = Release|Win32
		{87F3B0C3-5AFE-4F26-B886-215D89F49044}.Debug|Win32.ActiveCfg = Debug|Win32
		{87F3B0C3-5AFE-4F26-B886-215D89F49044}.Debug|Win32.Build.0 = Debug|Win32
		{87F3B0C3-5AFE-4F26-B886-215D89F49044}.Release|Win32.ActiveCfg = Release|Win32
		{87F3B0C3-5AFE-4F26-B886-215D89F49044}.Release|Win32.Build.0 = Release|Win32
		{9426987E-B179-406F-8650-51A98D808763}.Debug|Win32.ActiveCfg = Debug|Win32
		{9426987E-B179-406F-8650-51A98D808763}.Debug|Win32.Build.0 = Debug|Win32
		{9426987E-B179-406F-8650-51A98D808763}.Release|Win32.ActiveCfg = Release|Win32
		{9426987E-B179-406F-8650-51A98D808763}.Release|Win32.Build.0 = Release|Win32
		{4E8C05E3-784A-4E19-BA76-9FE43E02EAD0}.Debug|Win32.ActiveCfg = Debug|Win32
		{4E8C05E3-784A-4E19-BA76-9FE43E02EAD0}.Debug|Win32.Build.0 = Debug|Win32
		{4E8C05E3-784A-4E19-BA76-9FE43E02EAD0}.Release|Win32.ActiveCfg = Release|Win32
		{4E8C05E3-784A-4E19-BA76-9FE43E02EAD0}.Release|Win32.Build.0 = Release|Win32
		{C05992F2-5493-418C-9D5D-188F848F6341}.Debug|Win32.ActiveCfg = Debug|Win32
		{C05992F2-5493-418C-9D5D-188F848F6341}.Debug|Win32.Build.0 = Debug|Win32
		{C05992F2-5493-418C-9D5D-188F848F6341}.Release|Win32.ActiveCfg = Release|Win32
		{C05992F2-5493-418C-9D5D-188F848F6341}.Release|Win32.Build.0 = Release|Win32
		{CFA71AB5-3A22-4A69-9CAB-01AF7C3036AC}.Debug|Win32.ActiveCfg = Debug|Win32
		{CFA71AB5-3A22-4A69-9CAB-01AF7C3036AC}.Debug|Win32.Build.0 = Debug|Win32
		{CFA71AB5-3A22-4A69-9CAB-01AF7C3036AC}.Release|Win32.ActiveCfg = Release|Win32
		{CFA71AB5-3A22-4A69-9CAB-01AF7C3036AC}.Release|Win32.Build.0 = Release|Win32
		{61F21B31-DECD-49DD-B23F-8F15FF0897CC}.Debug|Win32.ActiveCfg = Debug|Win32
		{61F21B31-DECD-49DD-B23F-8F15FF0897CC}.Debug|Win32.Build.0 = Debug|Win32
		{61F21B31-DECD-49DD-B23F-8F15FF0897CC}.Release|Win32.ActiveCfg = Release|Win32
		{61F21B31-DECD-49DD-B23F-8F15FF0897CC}.Release|Win32.Build.0 = Release|Win32
		{98A64F9D-5769-480C-A930-92CA8C740B13}.Debug|Win32.ActiveCfg = Debug|Win32
		{98A64F9D-5769-480C-A930-92CA8C740B13}.Debug|Win32.Build.0 = Debug|Win32
		{98A64F9D-5769-480C-A930-92CA8C740B13}.Release|Win32.ActiveCfg = Release|Win32
		{98A64F9D-5769-480C-A930-92CA8C740B13}.Release|Win32.Build.0 = Release|Win32
		{8A7BA389-DB06-46E8-956D-C32A501EF1CD}.Debug|Win32.ActiveCfg = Debug|Win32
		{8A7BA389-DB06-46E8-956D-C32A501EF1CD}.Debug|Win32.Build.0 = Debug|Win32
		{8A7BA389-DB06-46E8-956D-C32A501EF1CD}.Release|Win32.ActiveCfg = Release|Win32
		{8A7BA389-DB06-46E8-956D-C32A501EF1CD}.Release|Win32.Build.0 = Release|Win32
		{17B41869-02F5-40E8-A334-3D214C2C7B72}.Debug|Win32.ActiveCfg = Debug|Win32
		{17B41869-02F5-40E8-A334-3D214C2C7B72}.Debug|Win32.Build.0 = Debug|Win32
		{17B41869-02F5-40E8-A334-3D214C2C7B72}.Release|Win32.ActiveCfg = Release|Win32
		{17B41869-02F5-40E8-A334-3D214C2C7B72}.Release|Win32.Build.0 = Release|Win32
		{93B5DDDD-5C58-4D2B-9C71-22525A8F6C9B}.Debug|Win32.ActiveCfg = Debug|Win32
		{93B5DDDD-5C58-4D2B-9C71-22525A8F6C9B}.Debug|Win32.Build.0 = Debug|Win32
		{93B5DDDD-5C58-4D2B-9C71-22525A8F6C9B}.Release|Win32.ActiveCfg = Release|Win32
		{93B5DDDD-5C58-4D2B-9C71-22525A8F6C9B}.Release|Win32.Build.0 = Release|Win32
		{5A5DAD20-9E43-4FF6-A6F4-33E521E5C695}.Debug|Win32.ActiveCfg = Debug|Win32
		{5A5DAD20-9E43-4FF6-A6F4-33E521E5C695}.Debug|Win32.Build.0 = Debug|Win32
		{5A5DAD20-9E43-4FF6-A6F4-33E521E5C695}.Release|Win32.ActiveCfg = Release|Win32
		{5A5DAD20-9E43-4FF6-A6F4-33E521E5C695}.Release|Win32.Build.0 = Release|Win32
		{C7C6F7F5-69A9-4CE6-903C-52B2F88ABD1A}.Debug|Win32.ActiveCfg = Debug|Win32
		{C7C6F7F5-69A9-4CE6-903C-52B2F88ABD1A}.Debug|Win32.Build.0 = Debug|Win32
		{C7C6F7F5-69A9-4CE6-903C-52B2F88ABD1A}.Release|Win32.ActiveCfg = Release|Win32
		{C7C6F7F5-69A9-4CE6-903C-52B2F88ABD1A}.Release|Win32.Build.0 = Release|Win32
		{D2E7D590-6A52-4192-9DD4-846A3F1690A5}.Debug|Win32.ActiveCfg = Debug|Win32
		{D2E7D590-6A52-4192-9DD4-846A3F1690A5}.Debug|Win32.Build.0 = Debug|Win32
		{D2E7D590-6A52-4192-9DD4-846A3F1690A5}.Release|Win32.ActiveCfg = Release|Win32
		{D2E7D590-6A52-4192-9DD4-846A3F1690A5}.Release|Win32.Build.0 = Release|Win32
		{C588D956-3BD6-40EA-B3C7-76F5EE5C3E40}.Debug|Win32.ActiveCfg = Debug|Win32
		{C588D956-3BD6-40EA-B3C7-76F5EE5C3E40}.Debug|Win32.Build.0 = Debug|Win32
		{C588D956-3BD6-40EA-B3C7-76F5EE5C3E40}.Release|Win32.ActiveCfg = Release|Win32
		{C588D956-3BD6-40EA-B3C7-76F5EE5C3E40}.Release|Win32.Build.0 = Release|Win32
		{ADF3E519-7170-41BA-8C08-E3674C8CB5E7}.Debug|Win32.ActiveCfg = Debug|Win32
		{ADF3E519-7170-41BA-8C08-E3674C8CB5E7}.Debug|Win32.Build.0 = Debug|Win32
		{ADF3E519-7170-41BA-8C08-E3674C8CB5E7}.Release|Win32.ActiveCfg = Release|Win32
		{ADF3E519-7170-41BA-8C08-E3674C8CB5E7}.Release|Win32.Build.0 = Release|Win32
		{CE5CDE95-F32F-4568-A9AD-AC3BE6F7FBBD}.Debug|Win32.ActiveCfg = Debug|Win32
		{CE5CDE95-F32F-4568-A9AD-AC3BE6F7FBBD}.Debug|Win32.Build.0 = Debug|Win32
		{CE5CDE95-F32F-4568-A9AD-AC3BE6F7FBBD}.Release|Win32.ActiveCfg = Release|Win32
		{CE5CDE95-F32F-4568-A9AD-AC3BE6F7FBBD}.Release|Win32.Build.0 = Release|Win32
		{BF2AD316-9B0E-4475-8F06-14CA602521A8}.Debug|Win32.ActiveCfg = Debug|Win32
		{BF2AD316-9B0E-4475-8F06-14CA602521A8}.Debug|Win32.Build.0 = Debug|Win32
		{BF2AD316-9B0E-4475-8F06-14CA602521A8}.Release|Win32.ActiveCfg = Release|Win32
		{BF2AD316-9B0E-4475-8F06-14CA602521A8}.Release|Win32.Build.0 = Release|Win32
		{6E297A11-AFAD-4FF7-9912-E73D494C772D}.Debug|Win32.ActiveCfg = Debug|Win32
		{6E297A11-AFAD-4FF7-9912-E73D494C772D}.Debug|Win32.Build.0 = Debug|Win32
		{6E297A11-AFAD-4FF7-9912-E73D494C772D}.Release|Win32.ActiveCfg = Release|Win32
		{6E297A11-AFAD-4FF7-9912-E73D494C772D}.Release|Win32.Build.0 = Release|Win32
		{094795CB-31AA-42CE-B11C-35D39106DCD2}.Debug|Win32.ActiveCfg = Debug|Win32
		{094795CB-31AA-42CE-B11C-35D39106DCD2}.Debug|Win32.Build.0 = Debug|Win32
		{094795CB-31AA-42CE-B11C-35D39106DCD2}.Release|Win32.ActiveCfg = Release|Win32
		{094795CB-31AA-42CE-B11C-35D39106DCD2}.Release|Win32.Build.0 = Release|Win32
		{7E69175B-BE27-4C13-A34F-36791BAE81BB}.Debug|Win32.ActiveCfg = Debug|Win32
		{7E69175B-BE27-4C13-A34F-36791BAE81BB}.Debug|Win32.Build.0 = Debug|Win32
		{7E69175B-BE27-4C13-A34F-36791BAE81BB}.Release|Win32.ActiveCfg = Release|Win32
		{7E69175B-BE27-4C13-A34F-36791BAE81BB}.Release|Win32.Build.0 = Release|Win32
		{31760D14-5833-4DD1-8C89-DEE426A28235}.Debug|Win32.ActiveCfg = Debug|Win32
		{31760D14-5833-4DD1-8C89-DEE426A28235}.Debug|Win32.Build.0 = Debug|Win32
		{31760D14-5833-4DD1-8C89-DEE426A28235}.Release|Win32.ActiveCfg = Release|Win32
		{31760D14-5833-4DD1-8C89-DEE426A28235}.Release|Win32.Build.0 = Release|Win32
		{54AA28A8-E874-41CC-9B98-85272147B7C5}.Debug|Win32.ActiveCfg = Debug|Win32
		{54AA28A8-E874-41CC-9B98-85272147B7C5}.Debug|Win32.Build.0 = Debug|Win32
		{54AA28A8-E874-41CC-9B98-85272147B7C5}.Release|Win32.ActiveCfg = Release|Win32
		{54AA28A8-E874-41CC-9B98-85272147B7C5}.Release|Win32.Build.0 = Release|Win32
		{CDC460B8-48BC-4093-BE4C-6803DF752AC9}.Debug|Win32.ActiveCfg = Debug|Win32
		{CDC460B8-48BC-4093-BE4C-6803DF752AC9}.Debug|Win32.Build.0 = Debug|Win32
		{CDC460B8-48BC-4093-BE4C-6803DF752AC9}.Release|Win32.ActiveCfg = Release|Win32
		{CDC460B8-48BC-4093-BE4C-6803DF752AC9}.Release|Win32.Build.0 = Release|Win32
		{DB83BF66-1A89-45C4-A6AB-01F178807900}.Debug|Win32.ActiveCfg = Debug|Win32
		{DB83BF66-1A89-45C4-A6AB-01F178807900}.Debug|Win32.Build.0 = Debug|Win32
		{DB83BF66-1A89-45C4-A6AB-01F178807900}.Release|Win32.ActiveCfg = Release|Win32
		{DB83BF66-1A89-45C4-A6AB-01F178807900}.Release|Win32.Build.0 = Release|Win32
		{A567E331-0C3A-4B90-AF39-C94101417808}.Debug|Win32.ActiveCfg = Debug|Win32
		{A567E331-0C3A-4B90-AF39-C94101417808}.Debug|Win32.Build.0 = Debug|Win32
		{A567E331-0C3A-4B90-AF39-C94101417808}.Release|Win32.ActiveCfg = Release|Win32
		{A567E331-0C3A-4B90-AF39-C94101417808}.Release|Win32.Build.0 = Release|Win32
		{F2E8FD2C-C733-46DD-8031-3B18EE5ADF67}.Debug|Win32.ActiveCfg = Debug|Win32
		{F2E8FD2C-C733-46DD-8031-3B18EE5ADF67}.Debug|Win32.Build.0 = Debug|Win32
		{F2E8FD2C-C733-46DD-8031-3B18EE5ADF67}.Release|Win32.ActiveCfg = Release|Win32
		{F2E8FD2C-C733-46DD-8031-3B18EE5ADF67}.Release|Win32.Build.0 = Release|Win32
		{4986B7E6-F6B1-4194-9703-3D4FBBC718CE}.Debug|Win32.ActiveCfg = Debug|Win32
		{4986B7E6-F6B1-4194-9703-3D4FBBC718CE}.Debug|Win32.Build.0 = Debug|Win32
		{4986B7E6-F6B1-4194-9703-3D4FBBC718CE}.Release|Win32.ActiveCfg = Release|Win32
		{4986B7E6-F6B1-4194-9703-3D4FBBC718CE}.Release|Win32.Build.0 = Release|Win32
		{2CA2E5A5-206A-49FF-AC59-9248E837A822}.Debug|Win32.ActiveCfg = Debug|Win32
		{2CA2E5A5-206A-49FF-AC59-9248E837A822}.Debug|Win32.Build.0 = Debug|Win32
		{2CA2E5A5-206A-49FF-AC59-9248E837A822}.Release|Win32.ActiveCfg = Release|Win32
		{2CA2E5A5-206A-49FF-AC59-9248E837A822}.Release|Win32.Build.0 = Release|Win32
		{47123D6E-CA82-4E75-91C5-6611BB69713B}.Debug|Win32.ActiveCfg = Debug|Win32
		{47123D6E-CA82-4E75-91C5-6611BB69713B}.Debug|Win32.Build.0 = Debug|Win32
		{47123D6E-CA82-4E75-91C5-6611BB69713B}.Release|Win32.ActiveCfg = Release|Win32
		{47123D6E-CA82-4E75-91C5-6611BB69713B}.Release|Win32.Build.0 = Release|Win32
		{4B95DD32-3F66-470C-B64B-C5A623C2BDD3}.Debug|Win32.ActiveCfg = Debug|Win32
		{4B95DD32-3F66-470C-B64B-C5A623C2BDD3}.Debug|Win32.Build.0 = Debug|Win32
		{4B95DD32-3F66-470C-B64B-C5A623C2BDD3}.Release|Win32.ActiveCfg = Release|Win32
		{4B95DD32-3F66-470C-B64B-C5A623C2BDD3}.Release|Win32.Build.0 = Release|Win32
		{8303B884-FA17-4C02-A9DF-786B7F8507E8}.Debug|Win32.ActiveCfg = Debug|Win32
		{8303B884-FA17-4C02-A9DF-786B7F8507E8}.Debug|Win32.Build.0 = Debug|Win32
		{8303B884-FA17-4C02-A9DF-786B7F8507E8}.Release|Win32.ActiveCfg = Release|Win32
		{8303B884-FA17-4C02-A9DF-786B7F8507E8}.Release|Win32.Build.0 = Release|Win32
		{D1BE204C-22C1-4BCC-A38E-56836E39D41C}.Debug|Win32.ActiveCfg = Debug|Win32
		{D1BE204C-22C1-4BCC-A38E-56836E39D41C}.Debug|Win32.Build.0 = Debug|Win32
		{D1BE204C-22C1-4BCC-A38E-56836E39D41C}.Release|Win32.ActiveCfg = Release|Win32
		{D1BE204C-22C1-4BCC-A38E-56836E39D41C}.Release|Win32.Build.0 = Release|Win32
		{9F986DAF-53F2-4BD0-AB94-C86FEDF54670}.Debug|Win32.ActiveCfg = Debug|Win32
		{9F986DAF-53F2-4BD0-AB94-C86FEDF54670}.Debug|Win32.Build.0 = Debug|Win32
		{9F986DAF-53F2-4BD0-AB94-C86FEDF54670}.Release|Win32.ActiveCfg = Release|Win32
		{9F986DAF-53F2-4BD0-AB94-C86FEDF54670}.Release|Win32.Build.0 = Release|Win32
		{8321F7F5-BDC6-4297-9381-9F9A883A999A}.Debug|Win32.ActiveCfg = Debug|Win32
		{8321F7F5-BDC6-4297-9381-9F9A883A999A}.Debug|Win32.Build.0 = Debug|Win32
		{8321F7F5-BDC6-4297-9381-9F9A883A999A}.Release|Win32.ActiveCfg = Release|Win32
		{8321F7F5-BDC6-4297-9381-9F9A883A999A}.Release|Win32.Build.0 = Release|Win32
		{D0462163-A3AB-4494-8747-7262B87B1462}.Debug|Win32.ActiveCfg = Debug|Win32
		{D0462163-A3AB-4494-8747-7262B87B1462}.Debug|Win32.Build.0 = Debug|Win32
		{D0462163-A3AB-4494-8747-7262B87B1462}.Release|Win32.ActiveCfg = Release|Win32
		{D0462163-A3AB-4494-8747-7262B87B1462}.Release|Win32.Build.0 = Release|Win32
		{C076505F-2577-4100-8170-DAF996A17760}.Debug|Win32.ActiveCfg = Debug|Win32
		{C076505F-2577-4100-8170-DAF996A17760}.Debug|Win32.Build.0 = Debug|Win32
		{C076505F-2577-4100-8170-DAF996A17760}.Release|Win32.ActiveCfg = Release|Win32
		{C076505F-2577-4100-8170-DAF996A17760}.Release|Win32.Build.0 = Release|Win32
		{250C2CC7-FF10-40FC-9074-66E6E33F5388}.Debug|Win32.ActiveCfg = Debug|Win32
		{250C2CC7-FF10-40FC-9074-66E6E33F5388}.Debug|Win32.Build.0 = Debug|Win32
		{250C2CC7-FF10-40FC-9074-66E6E33F5388}.Release|Win32.ActiveCfg = Release|Win32
		{250C2CC7-FF10-40FC-9074-66E6E33F5388}.Release|Win32.Build.0 = Release|Win32
		{3390DBBD-E08E-451B-971F-11EB0D6DA90F}.Debug|Win32.ActiveCfg = Debug|Win32
		{3390DBBD-E08E-451B-971F-11EB0D6DA90F}.Debug|Win32.Build.0 = Debug|Win32
		{3390DBBD-E08E-451B-971F-11EB0D6DA90F}.Release|Win32.ActiveCfg = Release|Win32
		{3390DBBD-E08E-451B-971F-11EB0D6DA90F}.Release|Win32.Build.0 = Release|Win32
		{79AFA24E-65E1-4674-8058-040C9CE9E0CA}.Debug|Win32.ActiveCfg = Debug|Win32
		{79AFA24E-65E1-4674-8058-040C9CE9E0CA}.Debug|Win32.Build.0 = Debug|Win32
		{79AFA24E-65E1-4674-8058-040C9CE9E0CA}.Release|Win32.ActiveCfg = Release|Win32
		{79AFA24E-65E1-4674-8058-040C9CE9E0CA}.Release|Win32.Build.0 = Release|Win32
		{8098E6A7-F1FC-4F1C-93A5-57BBBA099457}.Debug|Win32.ActiveCfg = Debug|Win32
		{8098E6A7-F1FC-4F1C-93A5-57BBBA099457}.Debug|Win32.Build.0 = Debug|Win32
		{8098E6A7-F1FC-4F1C-93A5-57BBBA099457}.Release|Win32.ActiveCfg = Release|Win32
		{8098E6A7-F1FC-4F1C-93A5-57BBBA099457}.Release|Win32.Build.0 = Release|Win32
		{D4F0422D-B245-4C2D-A181-2D56F9AA5E48}.Debug|Win32.ActiveCfg = Debug|Win32
		{D4F0422D-B245-4C2D-A181-2D56F9AA5E48}.Debug|Win32.Build.0 = Debug|Win32
		{D4F0422D-B245-4C2D-A181-2D56F9AA5E48}.Release|Win32.ActiveCfg = Release|Win32
		{D4F0422D-B245-4C2D-A181-2D56F9AA5E48}.Release|Win32.Build.0 = Release|Win32
		{231F1F1A-4D29-4626-849E-354BFC518956}.Debug|Win32.ActiveCfg = Debug|Win32
		{231F1F1A-4D29-4626-849E-354BFC518956}.Debug|Win32.Build.0 = Debug|Win32
		{231F1F1A-4D29-4626-849E-354BFC518956}.Release|Win32.ActiveCfg = Release|Win32
		{231F1F1A-4D29-4626-849E-354BFC518956}.Release|Win32.Build.0 = Release|Win32
		{0D20D9B4-CAFC-4F6C-BEDE-6E2BD16129C4}.Debug|Win32.ActiveCfg = Debug|Win32
		{0D20D9B4-CAFC-4F6C-BEDE-6E2BD16129C4}.Debug|Win32.Build.0 = Debug|Win32
		{0D20D9B4-CAFC-4F6C-BEDE-6E2BD16129C4}.Release|Win32.ActiveCfg = Release|Win32
		{0D20D9B4-CAFC-4F6C-BEDE-6E2BD16129C4}.Release|Win32.Build.0 = Release|Win32
		{DCBE0317-5449-47C0-A8A2-2E5DA9D8262A}.Debug|Win32.ActiveCfg = Debug|Win32
		{DCBE0317-5449-47C0-A8A2-2E5DA9D8262A}.Debug|Win32.Build.0 = Debug|Win32
		{DCBE0317-5449-47C0-A8A2-2E5DA9D8262A}.Release|Win32.ActiveCfg = Release|Win32
		{DCBE0317-5449-47C0-A8A2-2E5DA9D8262A}.Release|Win32.Build.0 = Release|Win32
		{B0F782BB-C99F-44DB-9AA5-0FD165E2FC4C}.Debug|Win32.ActiveCfg = Debug|Win32
		{B0F782BB-C99F-44DB-9AA5-0FD165E2FC4C}.Debug|Win32.Build.0 = Debug|Win32
		{B0F782BB-C99F-44DB-9AA5-0FD165E2FC4C}.Release|Win32.ActiveCfg = Release|Win32
		{B0F782BB-C99F-44DB-9AA5-0FD165E2FC4C}.Release|Win32.Build.0 = Release|Win32
		{DF01A219-8C86-4A2A-88D3-2BC494DC2BC7}.Debug|Win32.ActiveCfg = Debug|Win32
		{DF01A219-8C86-4A2A-88D3-2BC494DC2BC7}.Debug|Win32.Build.0 = Debug|Win32
		{DF01A219-8C86-4A2A-88D3-2BC494DC2BC7}.Release|Win32.ActiveCfg = Release|Win32
		{DF01A219-8C86-4A2A-88D3-2BC494DC2BC7}.Release|Win32.Build.0 = Release|Win32
		{9ED5E0EC-274B-4953-B8B9-078EF6E0346E}.Debug|Win32.ActiveCfg = Debug|Win32
		{9ED5E0EC-274B-4953-B8B9-078EF6E0346E}.Debug|Win32.Build.0 = Debug|Win32
		{9ED5E0EC-274B-4953-B8B9-078EF6E0346E}.Release|Win32.ActiveCfg = Release|Win32
		{9ED5E0EC-274B-4953-B8B9-078EF6E0346E}.Release|Win32.Build.0 = Release|Win32
		{834E0C73-25EA-4F87-9901-0303EDAA7D29}.Debug|Win32.ActiveCfg = Debug|Win32
		{834E0C73-25EA-4F87-9901-0303EDAA7D29}.Debug|Win32.Build.0 = Debug|Win32
		{834E0C73-25EA-4F87-9901-0303EDAA7D29}.Release|Win32.ActiveCfg = Release|Win32
		{834E0C73-25EA-4F87-9901-0303EDAA7D29}.Release|Win32.Build.0 = Release|Win32
		{9C6C593E-BBFB-461B-AB61-0272080350B0}.Debug|Win32.ActiveCfg = Debug|Win32
		{9C6C593E-BBFB-461B-AB61-0272080350B0}.Debug|Win32.Build.0 = Debug|Win32
		{9C6C593E-BBFB-461B-AB61-0272080350B0}.Release|Win32.ActiveCfg = Release|Win32
		{9C6C593E-BBFB-461B-AB61-0272080350B0}.Release|Win32.Build.0 = Release|Win32
		{3ED12129-6A5C-4FBD-9C21-1660CC441CBC}.Debug|Win32.ActiveCfg = Debug|Win32
		{3ED12129-6A5C-4FBD-9C21-1660CC441CBC}.Debug|Win32.Build.0 = Debug|Win32
		{3ED12129-6A5C-4FBD-9C21-1660CC441CBC}.Release|Win32.ActiveCfg = Release|Win32
		{3ED12129-6A5C-4FBD-9C21-1660CC441CBC}.Release|Win32.Build.0 = Release|Win32
		{7972D3BE-84CA-4DD3-9391-3829F3E3F13F}.Debug|Win32.ActiveCfg = Debug|Win32
		{7972D3BE-84CA-4DD3-9391-3829F3E3F13F}.Debug|Win32.Build.0 = Debug|Win32
		{7972D3BE-84CA-4DD3-9391-3829F3E3F13F}.Release|Win32.ActiveCfg = Release|Win32
		{7972D3BE-84CA-4DD3-9391-3829F3E3F13F}.Release|Win32.Build.0 = Release|Win32
		{3FB0EA96-E88F-4E4E-AADA-B7F470102BA9}.Debug|Win32.ActiveCfg = Debug|Win32
		{3FB0EA96-E88F-4E4E-AADA-B7F470102BA9}.Debug|Win32.Build.0 = Debug|Win32
		{3FB0EA96-E88F-4E4E-AADA-B7F470102BA9}.Release|Win32.ActiveCfg = Release|Win32
		{3FB0EA96-E88F-4E4E-AADA-B7F470102BA9}.Release|Win32.Build.0 = Release|Win32
		{431C1220-1EC5-4343-832F-AAAFD7E9D795}.Debug|Win32.ActiveCfg = Debug|Win32
		{431C1220-1EC5-4343-832F-AAAFD7E9D795}.Debug|Win32.Build.0 = Debug|Win32
		{431C1220-1EC5-4343-832F-AAAFD7E9D795}.Release|Win32.ActiveCfg = Release|Win32
		{431C1220-1EC5-4343-832F-AAAFD7E9D795}.Release|Win32.Build.0 = Release|Win32
		{699E71D9-7DDE-4DB7-839A-6C2171717415}.Debug|Win32.ActiveCfg = Debug|Win32
		{699E71D9-7DDE-4DB7-839A-6C2171717415}.Debug|Win32.Build.0 = Debug|Win32
		{699E71D9-7DDE-4DB7-839A-6C2171717415}.Release|Win32.ActiveCfg = Release|Win32
		{699E71D9-7DDE-4DB7-839A-6C2171717415}.Release|Win32.Build.0 = Release|Win32
		{4D3E9033-815A-4680-9EE6-F9571164110E}.Debug|Win32.ActiveCfg = Debug|Win32
		{4D3E9033-815A-4680-9EE6-F9571164110E}.Debug|Win32.Build.0 = Debug|Win32
		{4D3E9033-815A-4680-9EE6-F9571164110E}.Release|Win32.ActiveCfg = Release|Win32
		{4D3E9033-815A-4680-9EE6-F9571164110E}.Release|Win32.Build.0 = Release|Win32
		{B69B30C8-1032-4BB6-ACBB-4945B34C3B53}.Debug|Win32.ActiveCfg = Debug|Win32
		{B69B30C8-1032-4BB6-ACBB-4945B34C3B53}.Debug|Win32.Build.0 = Debug|Win32
		{B69B30C8-1032-4BB6-ACBB-4945B34C3B53}.Release|Win32.ActiveCfg = Release|Win32
		{B69B30C8-1032-4BB6-ACBB-4945B34C3B53}.Release|Win32.Build.0 = Release|Win32
		{0FD72382-6325-4219-B842-F193CBC470FC}.Debug|Win32.ActiveCfg = Debug|Win32
		{0FD72382-6325-4219-B842-F193CBC470FC}.Debug|Win32.Build.0 = Debug|Win32
		{0FD72382-6325-4219-B842-F193CBC470FC}.Release|Win32.ActiveCfg = Release|Win32
		{0FD72382-6325-4219-B842-F193CBC470FC}.Release|Win32.Build.0 = Release|Win32
		{C60F7F48-3584-45F7-B4C9-DA37C46CBBF6}.Debug|Win32.ActiveCfg = Debug|Win32
		{C60F7F48-3584-45F7-B4C9-DA37C46CBBF6}.Debug|Win32.Build.0 = Debug|Win32
		{C60F7F48-3584-45F7-B4C9-DA37C46CBBF6}.Release|Win32.ActiveCfg = Release|Win32
		{C60F7F48-3584-45F7-B4C9-DA37C46CBBF6}.Release|Win32.Build.0 = Release|Win32
	EndGlobalSection
EndGlobal
